// !$*UTF8*$!
{
	archiveVersion = 1;
	classes = {
	};
	objectVersion = 46;
	objects = {

/* Begin PBXBuildFile section */
		2303559A15EA0EB000C80D31 /* QuartzCore.framework in Frameworks */ = {isa = PBXBuildFile; fileRef = 2303559915EA0EB000C80D31 /* QuartzCore.framework */; };
		230355E315EC241000C80D31 /* GridViewController.m in Sources */ = {isa = PBXBuildFile; fileRef = 230355E115EC241000C80D31 /* GridViewController.m */; };
		230355EC15EC854B00C80D31 /* ImageGridViewCell.m in Sources */ = {isa = PBXBuildFile; fileRef = 230355EB15EC854B00C80D31 /* ImageGridViewCell.m */; };
		230B1EFD15EE986F00A00058 /* HomeViewController.m in Sources */ = {isa = PBXBuildFile; fileRef = 230B1EFC15EE986F00A00058 /* HomeViewController.m */; };
		230BF2D415E83314005DB8A0 /* NSURL+WillFleming.m in Sources */ = {isa = PBXBuildFile; fileRef = 230BF2D315E828B8005DB8A0 /* NSURL+WillFleming.m */; };
		230BF2D715E83BB9005DB8A0 /* LoginView.m in Sources */ = {isa = PBXBuildFile; fileRef = 230BF2D615E83BB9005DB8A0 /* LoginView.m */; };
		231082B715E5FB18008D3F70 /* TitleBarView.xib in Resources */ = {isa = PBXBuildFile; fileRef = 231082B615E5FB18008D3F70 /* TitleBarView.xib */; };
		231082BC15E5FB9B008D3F70 /* title-bar-bg.png in Resources */ = {isa = PBXBuildFile; fileRef = 231082BA15E5FB9B008D3F70 /* title-bar-bg.png */; };
		231082BD15E5FB9B008D3F70 /* title-bar-bg@2x.png in Resources */ = {isa = PBXBuildFile; fileRef = 231082BB15E5FB9B008D3F70 /* title-bar-bg@2x.png */; };
		231082C415E5FEC8008D3F70 /* CGViewController.m in Sources */ = {isa = PBXBuildFile; fileRef = 231082C315E5FEC8008D3F70 /* CGViewController.m */; };
		231F5A8E15E6124B00D85115 /* bg.png in Resources */ = {isa = PBXBuildFile; fileRef = 231F5A8C15E6124B00D85115 /* bg.png */; };
		231F5A8F15E6124B00D85115 /* bg@2x.png in Resources */ = {isa = PBXBuildFile; fileRef = 231F5A8D15E6124B00D85115 /* bg@2x.png */; };
		231F5A9315E6175A00D85115 /* search-bg.png in Resources */ = {isa = PBXBuildFile; fileRef = 231F5A9115E6175A00D85115 /* search-bg.png */; };
		231F5A9415E6175A00D85115 /* search-bg@2x.png in Resources */ = {isa = PBXBuildFile; fileRef = 231F5A9215E6175A00D85115 /* search-bg@2x.png */; };
		231F5A9815E619F500D85115 /* search-icon@2x.png in Resources */ = {isa = PBXBuildFile; fileRef = 231F5A9615E619F500D85115 /* search-icon@2x.png */; };
		231F5A9A15E61A5F00D85115 /* search-icon.png in Resources */ = {isa = PBXBuildFile; fileRef = 231F5A9915E61A5F00D85115 /* search-icon.png */; };
		231F5AA315E6C84D00D85115 /* btn-popular-depressed.png in Resources */ = {isa = PBXBuildFile; fileRef = 231F5A9F15E6C84D00D85115 /* btn-popular-depressed.png */; };
		231F5AA415E6C84D00D85115 /* btn-popular-depressed@2x.png in Resources */ = {isa = PBXBuildFile; fileRef = 231F5AA015E6C84D00D85115 /* btn-popular-depressed@2x.png */; };
		231F5AA515E6C84D00D85115 /* btn-popular.png in Resources */ = {isa = PBXBuildFile; fileRef = 231F5AA115E6C84D00D85115 /* btn-popular.png */; };
		231F5AA615E6C84D00D85115 /* btn-popular@2x.png in Resources */ = {isa = PBXBuildFile; fileRef = 231F5AA215E6C84D00D85115 /* btn-popular@2x.png */; };
		231F5AAB15E6CA5800D85115 /* btn-home-depressed.png in Resources */ = {isa = PBXBuildFile; fileRef = 231F5AA715E6CA5800D85115 /* btn-home-depressed.png */; };
		231F5AAC15E6CA5800D85115 /* btn-home-depressed@2x.png in Resources */ = {isa = PBXBuildFile; fileRef = 231F5AA815E6CA5800D85115 /* btn-home-depressed@2x.png */; };
		231F5AAD15E6CA5800D85115 /* btn-home.png in Resources */ = {isa = PBXBuildFile; fileRef = 231F5AA915E6CA5800D85115 /* btn-home.png */; };
		231F5AAE15E6CA5800D85115 /* btn-home@2x.png in Resources */ = {isa = PBXBuildFile; fileRef = 231F5AAA15E6CA5800D85115 /* btn-home@2x.png */; };
		2337EAE715F47A44002A057A /* refresh-bg.jpg in Resources */ = {isa = PBXBuildFile; fileRef = 2337EAE515F47A44002A057A /* refresh-bg.jpg */; };
		2337EAE815F47A44002A057A /* refresh-bg@2x.jpg in Resources */ = {isa = PBXBuildFile; fileRef = 2337EAE615F47A44002A057A /* refresh-bg@2x.jpg */; };
		2337EAEF15F480B2002A057A /* icon-refresh.png in Resources */ = {isa = PBXBuildFile; fileRef = 2337EAED15F480B2002A057A /* icon-refresh.png */; };
		2337EAF015F480B2002A057A /* icon-refresh@2x.png in Resources */ = {isa = PBXBuildFile; fileRef = 2337EAEE15F480B2002A057A /* icon-refresh@2x.png */; };
		2337EAF515F480DA002A057A /* icon-comments.png in Resources */ = {isa = PBXBuildFile; fileRef = 2337EAF115F480DA002A057A /* icon-comments.png */; };
		2337EAF615F480DA002A057A /* icon-comments@2x.png in Resources */ = {isa = PBXBuildFile; fileRef = 2337EAF215F480DA002A057A /* icon-comments@2x.png */; };
		2337EAF715F480DA002A057A /* icon-likes.png in Resources */ = {isa = PBXBuildFile; fileRef = 2337EAF315F480DA002A057A /* icon-likes.png */; };
		2337EAF815F480DA002A057A /* icon-likes@2x.png in Resources */ = {isa = PBXBuildFile; fileRef = 2337EAF415F480DA002A057A /* icon-likes@2x.png */; };
		236BDBA215E750CA00020CE8 /* libWFInstagramAPI.a in Frameworks */ = {isa = PBXBuildFile; fileRef = 236BDB9F15E750C500020CE8 /* libWFInstagramAPI.a */; };
		236BDBA415E7517B00020CE8 /* APIClient.plist in Resources */ = {isa = PBXBuildFile; fileRef = 236BDBA315E7517B00020CE8 /* APIClient.plist */; };
		238426A615EEE1CB0077DDF8 /* progress-bg.png in Resources */ = {isa = PBXBuildFile; fileRef = 238426A415EEE1CB0077DDF8 /* progress-bg.png */; };
		238426A715EEE1CB0077DDF8 /* progress-bg@2x.png in Resources */ = {isa = PBXBuildFile; fileRef = 238426A515EEE1CB0077DDF8 /* progress-bg@2x.png */; };
		238426C715EF31780077DDF8 /* ClipView.m in Sources */ = {isa = PBXBuildFile; fileRef = 238426B815EF016C0077DDF8 /* ClipView.m */; };
		238FF21815E8A533004D3356 /* CGAuthController.m in Sources */ = {isa = PBXBuildFile; fileRef = 238FF21715E8A533004D3356 /* CGAuthController.m */; };
		23A49E4815E444FE00038FCA /* PopularViewController.m in Sources */ = {isa = PBXBuildFile; fileRef = 23A49E4615E444FE00038FCA /* PopularViewController.m */; };
		23B09F7115F04FAA00490AF9 /* UserFeedMediaController.m in Sources */ = {isa = PBXBuildFile; fileRef = 238426C515EF2D330077DDF8 /* UserFeedMediaController.m */; };
		23F9DDA415F04930002A62F7 /* connect-background.jpg in Resources */ = {isa = PBXBuildFile; fileRef = 23F9DDA215F04930002A62F7 /* connect-background.jpg */; };
		23F9DDA515F04930002A62F7 /* connect-background@2x.jpg in Resources */ = {isa = PBXBuildFile; fileRef = 23F9DDA315F04930002A62F7 /* connect-background@2x.jpg */; };
		23FC575115F01923002304D9 /* libTestFlight.a in Frameworks */ = {isa = PBXBuildFile; fileRef = 23FC574D15F01923002304D9 /* libTestFlight.a */; };
		23FC575215F01923002304D9 /* README.txt in Resources */ = {isa = PBXBuildFile; fileRef = 23FC574E15F01923002304D9 /* README.txt */; };
		23FC575315F01923002304D9 /* release_notes.txt in Resources */ = {isa = PBXBuildFile; fileRef = 23FC574F15F01923002304D9 /* release_notes.txt */; };
		23FC575515F0195E002304D9 /* libz.dylib in Frameworks */ = {isa = PBXBuildFile; fileRef = 23FC575415F0195E002304D9 /* libz.dylib */; };
		666EFF8B15CB369500CA30B7 /* UIKit.framework in Frameworks */ = {isa = PBXBuildFile; fileRef = 666EFF8A15CB369500CA30B7 /* UIKit.framework */; };
		666EFF8D15CB369500CA30B7 /* Foundation.framework in Frameworks */ = {isa = PBXBuildFile; fileRef = 666EFF8C15CB369500CA30B7 /* Foundation.framework */; };
		666EFF8F15CB369500CA30B7 /* CoreGraphics.framework in Frameworks */ = {isa = PBXBuildFile; fileRef = 666EFF8E15CB369500CA30B7 /* CoreGraphics.framework */; };
		666EFF9515CB369500CA30B7 /* InfoPlist.strings in Resources */ = {isa = PBXBuildFile; fileRef = 666EFF9315CB369500CA30B7 /* InfoPlist.strings */; };
		666EFF9715CB369500CA30B7 /* main.m in Sources */ = {isa = PBXBuildFile; fileRef = 666EFF9615CB369500CA30B7 /* main.m */; };
		666EFF9B15CB369500CA30B7 /* AppDelegate.m in Sources */ = {isa = PBXBuildFile; fileRef = 666EFF9A15CB369500CA30B7 /* AppDelegate.m */; };
		666EFF9E15CB369500CA30B7 /* MainStoryboard.storyboard in Resources */ = {isa = PBXBuildFile; fileRef = 666EFF9C15CB369500CA30B7 /* MainStoryboard.storyboard */; };
		66DCDADE15DC5C0B00E4B966 /* Default-Landscape@2x~ipad.png in Resources */ = {isa = PBXBuildFile; fileRef = 66DCDADD15DC5C0B00E4B966 /* Default-Landscape@2x~ipad.png */; };
		66DCDAE015DC5C4D00E4B966 /* Default-Landscape~ipad.png in Resources */ = {isa = PBXBuildFile; fileRef = 66DCDADF15DC5C4D00E4B966 /* Default-Landscape~ipad.png */; };
		66DCDAE815DC5F9900E4B966 /* launch.png in Resources */ = {isa = PBXBuildFile; fileRef = 66DCDAE415DC5F9900E4B966 /* launch.png */; };
		66DCDAE915DC5F9900E4B966 /* launch@2x.png in Resources */ = {isa = PBXBuildFile; fileRef = 66DCDAE515DC5F9900E4B966 /* launch@2x.png */; };
		66DCDAEC15DC608D00E4B966 /* btn-connect.png in Resources */ = {isa = PBXBuildFile; fileRef = 66DCDAEA15DC608D00E4B966 /* btn-connect.png */; };
		66DCDAED15DC608D00E4B966 /* btn-connect@2x.png in Resources */ = {isa = PBXBuildFile; fileRef = 66DCDAEB15DC608D00E4B966 /* btn-connect@2x.png */; };
/* End PBXBuildFile section */

/* Begin PBXContainerItemProxy section */
		236BDB9E15E750C500020CE8 /* PBXContainerItemProxy */ = {
			isa = PBXContainerItemProxy;
			containerPortal = 236BDB9615E750C400020CE8 /* WFInstagramAPI.xcodeproj */;
			proxyType = 2;
			remoteGlobalIDString = BE88E22E14C12548006910C5;
			remoteInfo = WFInstagramAPI;
		};
		236BDBA015E750C500020CE8 /* PBXContainerItemProxy */ = {
			isa = PBXContainerItemProxy;
			containerPortal = 236BDB9615E750C400020CE8 /* WFInstagramAPI.xcodeproj */;
			proxyType = 2;
			remoteGlobalIDString = BE88E23E14C12549006910C5;
			remoteInfo = WFInstagramAPITests;
		};
/* End PBXContainerItemProxy section */

/* Begin PBXFileReference section */
		2303559915EA0EB000C80D31 /* QuartzCore.framework */ = {isa = PBXFileReference; lastKnownFileType = wrapper.framework; name = QuartzCore.framework; path = System/Library/Frameworks/QuartzCore.framework; sourceTree = SDKROOT; };
		230355E015EC241000C80D31 /* GridViewController.h */ = {isa = PBXFileReference; fileEncoding = 4; lastKnownFileType = sourcecode.c.h; path = GridViewController.h; sourceTree = "<group>"; };
		230355E115EC241000C80D31 /* GridViewController.m */ = {isa = PBXFileReference; fileEncoding = 4; lastKnownFileType = sourcecode.c.objc; path = GridViewController.m; sourceTree = "<group>"; };
		230355EA15EC854B00C80D31 /* ImageGridViewCell.h */ = {isa = PBXFileReference; fileEncoding = 4; lastKnownFileType = sourcecode.c.h; path = ImageGridViewCell.h; sourceTree = "<group>"; };
		230355EB15EC854B00C80D31 /* ImageGridViewCell.m */ = {isa = PBXFileReference; fileEncoding = 4; lastKnownFileType = sourcecode.c.objc; path = ImageGridViewCell.m; sourceTree = "<group>"; };
		230B1EFB15EE986F00A00058 /* HomeViewController.h */ = {isa = PBXFileReference; fileEncoding = 4; lastKnownFileType = sourcecode.c.h; path = HomeViewController.h; sourceTree = "<group>"; };
		230B1EFC15EE986F00A00058 /* HomeViewController.m */ = {isa = PBXFileReference; fileEncoding = 4; lastKnownFileType = sourcecode.c.objc; path = HomeViewController.m; sourceTree = "<group>"; };
		230BF2D215E828B8005DB8A0 /* NSURL+WillFleming.h */ = {isa = PBXFileReference; lastKnownFileType = sourcecode.c.h; path = "NSURL+WillFleming.h"; sourceTree = "<group>"; };
		230BF2D315E828B8005DB8A0 /* NSURL+WillFleming.m */ = {isa = PBXFileReference; lastKnownFileType = sourcecode.c.objc; path = "NSURL+WillFleming.m"; sourceTree = "<group>"; };
		230BF2D515E83BB9005DB8A0 /* LoginView.h */ = {isa = PBXFileReference; fileEncoding = 4; lastKnownFileType = sourcecode.c.h; path = LoginView.h; sourceTree = "<group>"; };
		230BF2D615E83BB9005DB8A0 /* LoginView.m */ = {isa = PBXFileReference; fileEncoding = 4; lastKnownFileType = sourcecode.c.objc; path = LoginView.m; sourceTree = "<group>"; };
		231082B615E5FB18008D3F70 /* TitleBarView.xib */ = {isa = PBXFileReference; fileEncoding = 4; lastKnownFileType = file.xib; path = TitleBarView.xib; sourceTree = "<group>"; };
		231082BA15E5FB9B008D3F70 /* title-bar-bg.png */ = {isa = PBXFileReference; lastKnownFileType = image.png; path = "title-bar-bg.png"; sourceTree = "<group>"; };
		231082BB15E5FB9B008D3F70 /* title-bar-bg@2x.png */ = {isa = PBXFileReference; lastKnownFileType = image.png; path = "title-bar-bg@2x.png"; sourceTree = "<group>"; };
		231082C215E5FEC8008D3F70 /* CGViewController.h */ = {isa = PBXFileReference; fileEncoding = 4; lastKnownFileType = sourcecode.c.h; path = CGViewController.h; sourceTree = "<group>"; };
		231082C315E5FEC8008D3F70 /* CGViewController.m */ = {isa = PBXFileReference; fileEncoding = 4; lastKnownFileType = sourcecode.c.objc; path = CGViewController.m; sourceTree = "<group>"; };
		231F5A8C15E6124B00D85115 /* bg.png */ = {isa = PBXFileReference; lastKnownFileType = image.png; path = bg.png; sourceTree = "<group>"; };
		231F5A8D15E6124B00D85115 /* bg@2x.png */ = {isa = PBXFileReference; lastKnownFileType = image.png; path = "bg@2x.png"; sourceTree = "<group>"; };
		231F5A9115E6175A00D85115 /* search-bg.png */ = {isa = PBXFileReference; lastKnownFileType = image.png; path = "search-bg.png"; sourceTree = "<group>"; };
		231F5A9215E6175A00D85115 /* search-bg@2x.png */ = {isa = PBXFileReference; lastKnownFileType = image.png; path = "search-bg@2x.png"; sourceTree = "<group>"; };
		231F5A9615E619F500D85115 /* search-icon@2x.png */ = {isa = PBXFileReference; lastKnownFileType = image.png; path = "search-icon@2x.png"; sourceTree = "<group>"; };
		231F5A9915E61A5F00D85115 /* search-icon.png */ = {isa = PBXFileReference; lastKnownFileType = image.png; path = "search-icon.png"; sourceTree = "<group>"; };
		231F5A9F15E6C84D00D85115 /* btn-popular-depressed.png */ = {isa = PBXFileReference; lastKnownFileType = image.png; path = "btn-popular-depressed.png"; sourceTree = "<group>"; };
		231F5AA015E6C84D00D85115 /* btn-popular-depressed@2x.png */ = {isa = PBXFileReference; lastKnownFileType = image.png; path = "btn-popular-depressed@2x.png"; sourceTree = "<group>"; };
		231F5AA115E6C84D00D85115 /* btn-popular.png */ = {isa = PBXFileReference; lastKnownFileType = image.png; path = "btn-popular.png"; sourceTree = "<group>"; };
		231F5AA215E6C84D00D85115 /* btn-popular@2x.png */ = {isa = PBXFileReference; lastKnownFileType = image.png; path = "btn-popular@2x.png"; sourceTree = "<group>"; };
		231F5AA715E6CA5800D85115 /* btn-home-depressed.png */ = {isa = PBXFileReference; lastKnownFileType = image.png; path = "btn-home-depressed.png"; sourceTree = "<group>"; };
		231F5AA815E6CA5800D85115 /* btn-home-depressed@2x.png */ = {isa = PBXFileReference; lastKnownFileType = image.png; path = "btn-home-depressed@2x.png"; sourceTree = "<group>"; };
		231F5AA915E6CA5800D85115 /* btn-home.png */ = {isa = PBXFileReference; lastKnownFileType = image.png; path = "btn-home.png"; sourceTree = "<group>"; };
		231F5AAA15E6CA5800D85115 /* btn-home@2x.png */ = {isa = PBXFileReference; lastKnownFileType = image.png; path = "btn-home@2x.png"; sourceTree = "<group>"; };
		2337EAE515F47A44002A057A /* refresh-bg.jpg */ = {isa = PBXFileReference; lastKnownFileType = image.jpeg; path = "refresh-bg.jpg"; sourceTree = "<group>"; };
		2337EAE615F47A44002A057A /* refresh-bg@2x.jpg */ = {isa = PBXFileReference; lastKnownFileType = image.jpeg; path = "refresh-bg@2x.jpg"; sourceTree = "<group>"; };
		2337EAED15F480B2002A057A /* icon-refresh.png */ = {isa = PBXFileReference; lastKnownFileType = image.png; path = "icon-refresh.png"; sourceTree = "<group>"; };
		2337EAEE15F480B2002A057A /* icon-refresh@2x.png */ = {isa = PBXFileReference; lastKnownFileType = image.png; path = "icon-refresh@2x.png"; sourceTree = "<group>"; };
		2337EAF115F480DA002A057A /* icon-comments.png */ = {isa = PBXFileReference; lastKnownFileType = image.png; path = "icon-comments.png"; sourceTree = "<group>"; };
		2337EAF215F480DA002A057A /* icon-comments@2x.png */ = {isa = PBXFileReference; lastKnownFileType = image.png; path = "icon-comments@2x.png"; sourceTree = "<group>"; };
		2337EAF315F480DA002A057A /* icon-likes.png */ = {isa = PBXFileReference; lastKnownFileType = image.png; path = "icon-likes.png"; sourceTree = "<group>"; };
		2337EAF415F480DA002A057A /* icon-likes@2x.png */ = {isa = PBXFileReference; lastKnownFileType = image.png; path = "icon-likes@2x.png"; sourceTree = "<group>"; };
		236BDB9615E750C400020CE8 /* WFInstagramAPI.xcodeproj */ = {isa = PBXFileReference; lastKnownFileType = "wrapper.pb-project"; name = WFInstagramAPI.xcodeproj; path = WFInstagramAPI/WFInstagramAPI.xcodeproj; sourceTree = "<group>"; };
		236BDBA315E7517B00020CE8 /* APIClient.plist */ = {isa = PBXFileReference; fileEncoding = 4; lastKnownFileType = text.plist.xml; path = APIClient.plist; sourceTree = "<group>"; };
		238426A415EEE1CB0077DDF8 /* progress-bg.png */ = {isa = PBXFileReference; lastKnownFileType = image.png; path = "progress-bg.png"; sourceTree = "<group>"; };
		238426A515EEE1CB0077DDF8 /* progress-bg@2x.png */ = {isa = PBXFileReference; lastKnownFileType = image.png; path = "progress-bg@2x.png"; sourceTree = "<group>"; };
		238426B715EF016C0077DDF8 /* ClipView.h */ = {isa = PBXFileReference; lastKnownFileType = sourcecode.c.h; path = ClipView.h; sourceTree = "<group>"; };
		238426B815EF016C0077DDF8 /* ClipView.m */ = {isa = PBXFileReference; lastKnownFileType = sourcecode.c.objc; path = ClipView.m; sourceTree = "<group>"; };
		238426C415EF2D330077DDF8 /* UserFeedMediaController.h */ = {isa = PBXFileReference; fileEncoding = 4; lastKnownFileType = sourcecode.c.h; path = UserFeedMediaController.h; sourceTree = "<group>"; };
		238426C515EF2D330077DDF8 /* UserFeedMediaController.m */ = {isa = PBXFileReference; fileEncoding = 4; lastKnownFileType = sourcecode.c.objc; path = UserFeedMediaController.m; sourceTree = "<group>"; };
		238FF21615E8A533004D3356 /* CGAuthController.h */ = {isa = PBXFileReference; fileEncoding = 4; lastKnownFileType = sourcecode.c.h; path = CGAuthController.h; sourceTree = "<group>"; };
		238FF21715E8A533004D3356 /* CGAuthController.m */ = {isa = PBXFileReference; fileEncoding = 4; lastKnownFileType = sourcecode.c.objc; path = CGAuthController.m; sourceTree = "<group>"; };
		23A49E4515E444FE00038FCA /* PopularViewController.h */ = {isa = PBXFileReference; fileEncoding = 4; lastKnownFileType = sourcecode.c.h; path = PopularViewController.h; sourceTree = "<group>"; };
		23A49E4615E444FE00038FCA /* PopularViewController.m */ = {isa = PBXFileReference; fileEncoding = 4; lastKnownFileType = sourcecode.c.objc; path = PopularViewController.m; sourceTree = "<group>"; };
		23F9DDA215F04930002A62F7 /* connect-background.jpg */ = {isa = PBXFileReference; lastKnownFileType = image.jpeg; path = "connect-background.jpg"; sourceTree = "<group>"; };
		23F9DDA315F04930002A62F7 /* connect-background@2x.jpg */ = {isa = PBXFileReference; lastKnownFileType = image.jpeg; path = "connect-background@2x.jpg"; sourceTree = "<group>"; };
		23FC574D15F01923002304D9 /* libTestFlight.a */ = {isa = PBXFileReference; lastKnownFileType = archive.ar; path = libTestFlight.a; sourceTree = "<group>"; };
		23FC574E15F01923002304D9 /* README.txt */ = {isa = PBXFileReference; fileEncoding = 4; lastKnownFileType = text; path = README.txt; sourceTree = "<group>"; };
		23FC574F15F01923002304D9 /* release_notes.txt */ = {isa = PBXFileReference; fileEncoding = 4; lastKnownFileType = text; path = release_notes.txt; sourceTree = "<group>"; };
		23FC575015F01923002304D9 /* TestFlight.h */ = {isa = PBXFileReference; fileEncoding = 4; lastKnownFileType = sourcecode.c.h; path = TestFlight.h; sourceTree = "<group>"; };
		23FC575415F0195E002304D9 /* libz.dylib */ = {isa = PBXFileReference; lastKnownFileType = "compiled.mach-o.dylib"; name = libz.dylib; path = usr/lib/libz.dylib; sourceTree = SDKROOT; };
		666EFF8615CB369500CA30B7 /* Carogram.app */ = {isa = PBXFileReference; explicitFileType = wrapper.application; includeInIndex = 0; path = Carogram.app; sourceTree = BUILT_PRODUCTS_DIR; };
		666EFF8A15CB369500CA30B7 /* UIKit.framework */ = {isa = PBXFileReference; lastKnownFileType = wrapper.framework; name = UIKit.framework; path = System/Library/Frameworks/UIKit.framework; sourceTree = SDKROOT; };
		666EFF8C15CB369500CA30B7 /* Foundation.framework */ = {isa = PBXFileReference; lastKnownFileType = wrapper.framework; name = Foundation.framework; path = System/Library/Frameworks/Foundation.framework; sourceTree = SDKROOT; };
		666EFF8E15CB369500CA30B7 /* CoreGraphics.framework */ = {isa = PBXFileReference; lastKnownFileType = wrapper.framework; name = CoreGraphics.framework; path = System/Library/Frameworks/CoreGraphics.framework; sourceTree = SDKROOT; };
		666EFF9215CB369500CA30B7 /* Carogram-Info.plist */ = {isa = PBXFileReference; lastKnownFileType = text.plist.xml; path = "Carogram-Info.plist"; sourceTree = "<group>"; };
		666EFF9415CB369500CA30B7 /* en */ = {isa = PBXFileReference; lastKnownFileType = text.plist.strings; name = en; path = en.lproj/InfoPlist.strings; sourceTree = "<group>"; };
		666EFF9615CB369500CA30B7 /* main.m */ = {isa = PBXFileReference; lastKnownFileType = sourcecode.c.objc; path = main.m; sourceTree = "<group>"; };
		666EFF9815CB369500CA30B7 /* Carogram-Prefix.pch */ = {isa = PBXFileReference; lastKnownFileType = sourcecode.c.h; path = "Carogram-Prefix.pch"; sourceTree = "<group>"; };
		666EFF9915CB369500CA30B7 /* AppDelegate.h */ = {isa = PBXFileReference; lastKnownFileType = sourcecode.c.h; path = AppDelegate.h; sourceTree = "<group>"; };
		666EFF9A15CB369500CA30B7 /* AppDelegate.m */ = {isa = PBXFileReference; lastKnownFileType = sourcecode.c.objc; path = AppDelegate.m; sourceTree = "<group>"; };
		666EFF9D15CB369500CA30B7 /* en */ = {isa = PBXFileReference; lastKnownFileType = file.storyboard; name = en; path = en.lproj/MainStoryboard.storyboard; sourceTree = "<group>"; };
		66DCDADB15DC5B2100E4B966 /* Default-Landscape~ipad.png */ = {isa = PBXFileReference; lastKnownFileType = image.png; name = "Default-Landscape~ipad.png"; path = "../../Default-Landscape~ipad.png"; sourceTree = "<group>"; };
		66DCDADD15DC5C0B00E4B966 /* Default-Landscape@2x~ipad.png */ = {isa = PBXFileReference; lastKnownFileType = image.png; name = "Default-Landscape@2x~ipad.png"; path = "../../Default-Landscape@2x~ipad.png"; sourceTree = "<group>"; };
		66DCDADF15DC5C4D00E4B966 /* Default-Landscape~ipad.png */ = {isa = PBXFileReference; lastKnownFileType = image.png; name = "Default-Landscape~ipad.png"; path = "../../Default-Landscape~ipad.png"; sourceTree = "<group>"; };
		66DCDAE415DC5F9900E4B966 /* launch.png */ = {isa = PBXFileReference; lastKnownFileType = image.png; path = launch.png; sourceTree = "<group>"; };
		66DCDAE515DC5F9900E4B966 /* launch@2x.png */ = {isa = PBXFileReference; lastKnownFileType = image.png; path = "launch@2x.png"; sourceTree = "<group>"; };
		66DCDAEA15DC608D00E4B966 /* btn-connect.png */ = {isa = PBXFileReference; lastKnownFileType = image.png; path = "btn-connect.png"; sourceTree = "<group>"; };
		66DCDAEB15DC608D00E4B966 /* btn-connect@2x.png */ = {isa = PBXFileReference; lastKnownFileType = image.png; path = "btn-connect@2x.png"; sourceTree = "<group>"; };
/* End PBXFileReference section */

/* Begin PBXFrameworksBuildPhase section */
		666EFF8315CB369500CA30B7 /* Frameworks */ = {
			isa = PBXFrameworksBuildPhase;
			buildActionMask = 2147483647;
			files = (
				23FC575515F0195E002304D9 /* libz.dylib in Frameworks */,
				2303559A15EA0EB000C80D31 /* QuartzCore.framework in Frameworks */,
				236BDBA215E750CA00020CE8 /* libWFInstagramAPI.a in Frameworks */,
				666EFF8B15CB369500CA30B7 /* UIKit.framework in Frameworks */,
				666EFF8D15CB369500CA30B7 /* Foundation.framework in Frameworks */,
				666EFF8F15CB369500CA30B7 /* CoreGraphics.framework in Frameworks */,
				23FC575115F01923002304D9 /* libTestFlight.a in Frameworks */,
			);
			runOnlyForDeploymentPostprocessing = 0;
		};
/* End PBXFrameworksBuildPhase section */

/* Begin PBXGroup section */
		230355E915EC84AF00C80D31 /* TableCells */ = {
			isa = PBXGroup;
			children = (
				230355EA15EC854B00C80D31 /* ImageGridViewCell.h */,
				230355EB15EC854B00C80D31 /* ImageGridViewCell.m */,
			);
			name = TableCells;
			sourceTree = "<group>";
		};
		230BF2D115E8286E005DB8A0 /* Extensions */ = {
			isa = PBXGroup;
			children = (
				230BF2D215E828B8005DB8A0 /* NSURL+WillFleming.h */,
				230BF2D315E828B8005DB8A0 /* NSURL+WillFleming.m */,
			);
			name = Extensions;
			sourceTree = "<group>";
		};
		231082B915E5FB49008D3F70 /* Views */ = {
			isa = PBXGroup;
			children = (
				238426B715EF016C0077DDF8 /* ClipView.h */,
				238426B815EF016C0077DDF8 /* ClipView.m */,
				230355E915EC84AF00C80D31 /* TableCells */,
				231082B615E5FB18008D3F70 /* TitleBarView.xib */,
				230BF2D515E83BB9005DB8A0 /* LoginView.h */,
				230BF2D615E83BB9005DB8A0 /* LoginView.m */,
			);
			name = Views;
			sourceTree = "<group>";
		};
		236BDB9715E750C400020CE8 /* Products */ = {
			isa = PBXGroup;
			children = (
				236BDB9F15E750C500020CE8 /* libWFInstagramAPI.a */,
				236BDBA115E750C500020CE8 /* WFInstagramAPITests.octest */,
			);
			name = Products;
			sourceTree = "<group>";
		};
		23A49E4415E4449C00038FCA /* Controllers */ = {
			isa = PBXGroup;
			children = (
				238FF21615E8A533004D3356 /* CGAuthController.h */,
				238FF21715E8A533004D3356 /* CGAuthController.m */,
				231082C215E5FEC8008D3F70 /* CGViewController.h */,
				231082C315E5FEC8008D3F70 /* CGViewController.m */,
				230355E015EC241000C80D31 /* GridViewController.h */,
				230355E115EC241000C80D31 /* GridViewController.m */,
				230B1EFB15EE986F00A00058 /* HomeViewController.h */,
				230B1EFC15EE986F00A00058 /* HomeViewController.m */,
				23A49E4515E444FE00038FCA /* PopularViewController.h */,
				23A49E4615E444FE00038FCA /* PopularViewController.m */,
				238426C415EF2D330077DDF8 /* UserFeedMediaController.h */,
				238426C515EF2D330077DDF8 /* UserFeedMediaController.m */,
			);
			name = Controllers;
			sourceTree = "<group>";
		};
		23FC574B15F01903002304D9 /* Libraries */ = {
			isa = PBXGroup;
			children = (
				23FC574C15F01923002304D9 /* TestFlightSDK1.0 */,
			);
			name = Libraries;
			sourceTree = "<group>";
		};
		23FC574C15F01923002304D9 /* TestFlightSDK1.0 */ = {
			isa = PBXGroup;
			children = (
				23FC574D15F01923002304D9 /* libTestFlight.a */,
				23FC574E15F01923002304D9 /* README.txt */,
				23FC574F15F01923002304D9 /* release_notes.txt */,
				23FC575015F01923002304D9 /* TestFlight.h */,
			);
			path = TestFlightSDK1.0;
			sourceTree = "<group>";
		};
		666EFF7B15CB369500CA30B7 = {
			isa = PBXGroup;
			children = (
				23FC575415F0195E002304D9 /* libz.dylib */,
				666EFF9015CB369500CA30B7 /* Carogram */,
				666EFF8915CB369500CA30B7 /* Frameworks */,
				23FC574B15F01903002304D9 /* Libraries */,
				666EFF8715CB369500CA30B7 /* Products */,
			);
			sourceTree = "<group>";
		};
		666EFF8715CB369500CA30B7 /* Products */ = {
			isa = PBXGroup;
			children = (
				666EFF8615CB369500CA30B7 /* Carogram.app */,
			);
			name = Products;
			sourceTree = "<group>";
		};
		666EFF8915CB369500CA30B7 /* Frameworks */ = {
			isa = PBXGroup;
			children = (
				666EFF8E15CB369500CA30B7 /* CoreGraphics.framework */,
				666EFF8C15CB369500CA30B7 /* Foundation.framework */,
				2303559915EA0EB000C80D31 /* QuartzCore.framework */,
				666EFF8A15CB369500CA30B7 /* UIKit.framework */,
				236BDB9615E750C400020CE8 /* WFInstagramAPI.xcodeproj */,
			);
			name = Frameworks;
			sourceTree = "<group>";
		};
		666EFF9015CB369500CA30B7 /* Carogram */ = {
			isa = PBXGroup;
			children = (
				666EFF9915CB369500CA30B7 /* AppDelegate.h */,
				666EFF9A15CB369500CA30B7 /* AppDelegate.m */,
				23A49E4415E4449C00038FCA /* Controllers */,
				230BF2D115E8286E005DB8A0 /* Extensions */,
				66DCDAE115DC5F9900E4B966 /* Images */,
				666EFF9C15CB369500CA30B7 /* MainStoryboard.storyboard */,
				666EFF9115CB369500CA30B7 /* Supporting Files */,
				231082B915E5FB49008D3F70 /* Views */,
			);
			path = Carogram;
			sourceTree = "<group>";
		};
		666EFF9115CB369500CA30B7 /* Supporting Files */ = {
			isa = PBXGroup;
			children = (
				666EFF9215CB369500CA30B7 /* Carogram-Info.plist */,
				666EFF9315CB369500CA30B7 /* InfoPlist.strings */,
				666EFF9615CB369500CA30B7 /* main.m */,
				666EFF9815CB369500CA30B7 /* Carogram-Prefix.pch */,
				236BDBA315E7517B00020CE8 /* APIClient.plist */,
			);
			name = "Supporting Files";
			sourceTree = "<group>";
		};
		66DCDAE115DC5F9900E4B966 /* Images */ = {
			isa = PBXGroup;
			children = (
				231F5A8C15E6124B00D85115 /* bg.png */,
				231F5A8D15E6124B00D85115 /* bg@2x.png */,
				66DCDAEA15DC608D00E4B966 /* btn-connect.png */,
				66DCDAEB15DC608D00E4B966 /* btn-connect@2x.png */,
				231F5AA715E6CA5800D85115 /* btn-home-depressed.png */,
				231F5AA815E6CA5800D85115 /* btn-home-depressed@2x.png */,
				231F5AA915E6CA5800D85115 /* btn-home.png */,
				231F5AAA15E6CA5800D85115 /* btn-home@2x.png */,
				231F5A9F15E6C84D00D85115 /* btn-popular-depressed.png */,
				231F5AA015E6C84D00D85115 /* btn-popular-depressed@2x.png */,
				231F5AA115E6C84D00D85115 /* btn-popular.png */,
				231F5AA215E6C84D00D85115 /* btn-popular@2x.png */,
				23F9DDA215F04930002A62F7 /* connect-background.jpg */,
				23F9DDA315F04930002A62F7 /* connect-background@2x.jpg */,
				66DCDADF15DC5C4D00E4B966 /* Default-Landscape~ipad.png */,
				66DCDADD15DC5C0B00E4B966 /* Default-Landscape@2x~ipad.png */,
				66DCDADB15DC5B2100E4B966 /* Default-Landscape~ipad.png */,
				2337EAF115F480DA002A057A /* icon-comments.png */,
				2337EAF215F480DA002A057A /* icon-comments@2x.png */,
				2337EAF315F480DA002A057A /* icon-likes.png */,
				2337EAF415F480DA002A057A /* icon-likes@2x.png */,
				2337EAED15F480B2002A057A /* icon-refresh.png */,
				2337EAEE15F480B2002A057A /* icon-refresh@2x.png */,
				66DCDAE415DC5F9900E4B966 /* launch.png */,
				66DCDAE515DC5F9900E4B966 /* launch@2x.png */,
				238426A415EEE1CB0077DDF8 /* progress-bg.png */,
				238426A515EEE1CB0077DDF8 /* progress-bg@2x.png */,
				2337EAE515F47A44002A057A /* refresh-bg.jpg */,
				2337EAE615F47A44002A057A /* refresh-bg@2x.jpg */,
				231F5A9115E6175A00D85115 /* search-bg.png */,
				231F5A9215E6175A00D85115 /* search-bg@2x.png */,
				231F5A9915E61A5F00D85115 /* search-icon.png */,
				231F5A9615E619F500D85115 /* search-icon@2x.png */,
				231082BA15E5FB9B008D3F70 /* title-bar-bg.png */,
				231082BB15E5FB9B008D3F70 /* title-bar-bg@2x.png */,
			);
			path = Images;
			sourceTree = "<group>";
		};
/* End PBXGroup section */

/* Begin PBXNativeTarget section */
		666EFF8515CB369500CA30B7 /* Carogram */ = {
			isa = PBXNativeTarget;
			buildConfigurationList = 666EFFA415CB369500CA30B7 /* Build configuration list for PBXNativeTarget "Carogram" */;
			buildPhases = (
				666EFF8215CB369500CA30B7 /* Sources */,
				666EFF8315CB369500CA30B7 /* Frameworks */,
				666EFF8415CB369500CA30B7 /* Resources */,
			);
			buildRules = (
			);
			dependencies = (
			);
			name = Carogram;
			productName = Carogram;
			productReference = 666EFF8615CB369500CA30B7 /* Carogram.app */;
			productType = "com.apple.product-type.application";
		};
/* End PBXNativeTarget section */

/* Begin PBXProject section */
		666EFF7D15CB369500CA30B7 /* Project object */ = {
			isa = PBXProject;
			attributes = {
				LastUpgradeCheck = 0440;
				ORGANIZATIONNAME = "Xhatch Interactive, LLC";
			};
			buildConfigurationList = 666EFF8015CB369500CA30B7 /* Build configuration list for PBXProject "Carogram" */;
			compatibilityVersion = "Xcode 3.2";
			developmentRegion = English;
			hasScannedForEncodings = 0;
			knownRegions = (
				en,
			);
			mainGroup = 666EFF7B15CB369500CA30B7;
			productRefGroup = 666EFF8715CB369500CA30B7 /* Products */;
			projectDirPath = "";
			projectReferences = (
				{
					ProductGroup = 236BDB9715E750C400020CE8 /* Products */;
					ProjectRef = 236BDB9615E750C400020CE8 /* WFInstagramAPI.xcodeproj */;
				},
			);
			projectRoot = "";
			targets = (
				666EFF8515CB369500CA30B7 /* Carogram */,
			);
		};
/* End PBXProject section */

/* Begin PBXReferenceProxy section */
		236BDB9F15E750C500020CE8 /* libWFInstagramAPI.a */ = {
			isa = PBXReferenceProxy;
			fileType = archive.ar;
			path = libWFInstagramAPI.a;
			remoteRef = 236BDB9E15E750C500020CE8 /* PBXContainerItemProxy */;
			sourceTree = BUILT_PRODUCTS_DIR;
		};
		236BDBA115E750C500020CE8 /* WFInstagramAPITests.octest */ = {
			isa = PBXReferenceProxy;
			fileType = wrapper.cfbundle;
			path = WFInstagramAPITests.octest;
			remoteRef = 236BDBA015E750C500020CE8 /* PBXContainerItemProxy */;
			sourceTree = BUILT_PRODUCTS_DIR;
		};
/* End PBXReferenceProxy section */

/* Begin PBXResourcesBuildPhase section */
		666EFF8415CB369500CA30B7 /* Resources */ = {
			isa = PBXResourcesBuildPhase;
			buildActionMask = 2147483647;
			files = (
				666EFF9515CB369500CA30B7 /* InfoPlist.strings in Resources */,
				666EFF9E15CB369500CA30B7 /* MainStoryboard.storyboard in Resources */,
				66DCDADE15DC5C0B00E4B966 /* Default-Landscape@2x~ipad.png in Resources */,
				66DCDAE015DC5C4D00E4B966 /* Default-Landscape~ipad.png in Resources */,
				66DCDAE815DC5F9900E4B966 /* launch.png in Resources */,
				66DCDAE915DC5F9900E4B966 /* launch@2x.png in Resources */,
				66DCDAEC15DC608D00E4B966 /* btn-connect.png in Resources */,
				66DCDAED15DC608D00E4B966 /* btn-connect@2x.png in Resources */,
				231082B715E5FB18008D3F70 /* TitleBarView.xib in Resources */,
				231082BC15E5FB9B008D3F70 /* title-bar-bg.png in Resources */,
				231082BD15E5FB9B008D3F70 /* title-bar-bg@2x.png in Resources */,
				231F5A8E15E6124B00D85115 /* bg.png in Resources */,
				231F5A8F15E6124B00D85115 /* bg@2x.png in Resources */,
				231F5A9315E6175A00D85115 /* search-bg.png in Resources */,
				231F5A9415E6175A00D85115 /* search-bg@2x.png in Resources */,
				231F5A9815E619F500D85115 /* search-icon@2x.png in Resources */,
				231F5A9A15E61A5F00D85115 /* search-icon.png in Resources */,
				231F5AA315E6C84D00D85115 /* btn-popular-depressed.png in Resources */,
				231F5AA415E6C84D00D85115 /* btn-popular-depressed@2x.png in Resources */,
				231F5AA515E6C84D00D85115 /* btn-popular.png in Resources */,
				231F5AA615E6C84D00D85115 /* btn-popular@2x.png in Resources */,
				231F5AAB15E6CA5800D85115 /* btn-home-depressed.png in Resources */,
				231F5AAC15E6CA5800D85115 /* btn-home-depressed@2x.png in Resources */,
				231F5AAD15E6CA5800D85115 /* btn-home.png in Resources */,
				231F5AAE15E6CA5800D85115 /* btn-home@2x.png in Resources */,
				236BDBA415E7517B00020CE8 /* APIClient.plist in Resources */,
				238426A615EEE1CB0077DDF8 /* progress-bg.png in Resources */,
				238426A715EEE1CB0077DDF8 /* progress-bg@2x.png in Resources */,
				23FC575215F01923002304D9 /* README.txt in Resources */,
				23FC575315F01923002304D9 /* release_notes.txt in Resources */,
				23F9DDA415F04930002A62F7 /* connect-background.jpg in Resources */,
				23F9DDA515F04930002A62F7 /* connect-background@2x.jpg in Resources */,
				2337EAE715F47A44002A057A /* refresh-bg.jpg in Resources */,
				2337EAE815F47A44002A057A /* refresh-bg@2x.jpg in Resources */,
				2337EAEF15F480B2002A057A /* icon-refresh.png in Resources */,
				2337EAF015F480B2002A057A /* icon-refresh@2x.png in Resources */,
				2337EAF515F480DA002A057A /* icon-comments.png in Resources */,
				2337EAF615F480DA002A057A /* icon-comments@2x.png in Resources */,
				2337EAF715F480DA002A057A /* icon-likes.png in Resources */,
				2337EAF815F480DA002A057A /* icon-likes@2x.png in Resources */,
			);
			runOnlyForDeploymentPostprocessing = 0;
		};
/* End PBXResourcesBuildPhase section */

/* Begin PBXSourcesBuildPhase section */
		666EFF8215CB369500CA30B7 /* Sources */ = {
			isa = PBXSourcesBuildPhase;
			buildActionMask = 2147483647;
			files = (
				23B09F7115F04FAA00490AF9 /* UserFeedMediaController.m in Sources */,
				230BF2D415E83314005DB8A0 /* NSURL+WillFleming.m in Sources */,
				666EFF9715CB369500CA30B7 /* main.m in Sources */,
				666EFF9B15CB369500CA30B7 /* AppDelegate.m in Sources */,
				23A49E4815E444FE00038FCA /* PopularViewController.m in Sources */,
				231082C415E5FEC8008D3F70 /* CGViewController.m in Sources */,
				230BF2D715E83BB9005DB8A0 /* LoginView.m in Sources */,
				238FF21815E8A533004D3356 /* CGAuthController.m in Sources */,
				230355E315EC241000C80D31 /* GridViewController.m in Sources */,
				230355EC15EC854B00C80D31 /* ImageGridViewCell.m in Sources */,
				230B1EFD15EE986F00A00058 /* HomeViewController.m in Sources */,
				238426C715EF31780077DDF8 /* ClipView.m in Sources */,
			);
			runOnlyForDeploymentPostprocessing = 0;
		};
/* End PBXSourcesBuildPhase section */

/* Begin PBXVariantGroup section */
		666EFF9315CB369500CA30B7 /* InfoPlist.strings */ = {
			isa = PBXVariantGroup;
			children = (
				666EFF9415CB369500CA30B7 /* en */,
			);
			name = InfoPlist.strings;
			sourceTree = "<group>";
		};
		666EFF9C15CB369500CA30B7 /* MainStoryboard.storyboard */ = {
			isa = PBXVariantGroup;
			children = (
				666EFF9D15CB369500CA30B7 /* en */,
			);
			name = MainStoryboard.storyboard;
			sourceTree = "<group>";
		};
/* End PBXVariantGroup section */

/* Begin XCBuildConfiguration section */
		23A290F515F01E9000EBDC67 /* Ad Hoc */ = {
			isa = XCBuildConfiguration;
			buildSettings = {
				ALWAYS_SEARCH_USER_PATHS = NO;
				ARCHS = "$(ARCHS_STANDARD_32_BIT)";
				CLANG_CXX_LANGUAGE_STANDARD = "gnu++0x";
				CLANG_ENABLE_OBJC_ARC = YES;
				CLANG_WARN__DUPLICATE_METHOD_MATCH = YES;
				"CODE_SIGN_IDENTITY[sdk=iphoneos*]" = "iPhone Developer";
				COPY_PHASE_STRIP = YES;
				GCC_C_LANGUAGE_STANDARD = gnu99;
				GCC_VERSION = com.apple.compilers.llvm.clang.1_0;
				GCC_WARN_ABOUT_RETURN_TYPE = YES;
				GCC_WARN_UNINITIALIZED_AUTOS = YES;
				GCC_WARN_UNUSED_VARIABLE = YES;
				IPHONEOS_DEPLOYMENT_TARGET = 5.1;
				OTHER_CFLAGS = "-DNS_BLOCK_ASSERTIONS=1";
				SDKROOT = iphoneos;
				TARGETED_DEVICE_FAMILY = 2;
				VALIDATE_PRODUCT = YES;
			};
			name = "Ad Hoc";
		};
		23A290F615F01E9000EBDC67 /* Ad Hoc */ = {
			isa = XCBuildConfiguration;
			buildSettings = {
				CODE_SIGN_IDENTITY = "iPhone Distribution: Xhatch Interactive, LLC";
				"CODE_SIGN_IDENTITY[sdk=iphoneos*]" = "iPhone Distribution: Xhatch Interactive, LLC";
				GCC_PRECOMPILE_PREFIX_HEADER = YES;
				GCC_PREFIX_HEADER = "Carogram/Carogram-Prefix.pch";
				GCC_PREPROCESSOR_DEFINITIONS = "ADHOC=1";
				HEADER_SEARCH_PATHS = "$(SRCROOT)/build/WFInstagramAPI";
				INFOPLIST_FILE = "Carogram/Carogram-Info.plist";
				LIBRARY_SEARCH_PATHS = (
					"$(inherited)",
					"\"$(SRCROOT)/TestFlightSDK1.0\"",
				);
				PRODUCT_NAME = "$(TARGET_NAME)";
				PROVISIONING_PROFILE = "85F771C6-E79B-4C66-9462-6FC4DEF1F644";
				"PROVISIONING_PROFILE[sdk=iphoneos*]" = "85F771C6-E79B-4C66-9462-6FC4DEF1F644";
				WRAPPER_EXTENSION = app;
			};
			name = "Ad Hoc";
		};
		666EFFA215CB369500CA30B7 /* Debug */ = {
			isa = XCBuildConfiguration;
			buildSettings = {
				ALWAYS_SEARCH_USER_PATHS = NO;
				ARCHS = "$(ARCHS_STANDARD_32_BIT)";
				CLANG_CXX_LANGUAGE_STANDARD = "gnu++0x";
				CLANG_ENABLE_OBJC_ARC = YES;
				CLANG_WARN__DUPLICATE_METHOD_MATCH = YES;
				"CODE_SIGN_IDENTITY[sdk=iphoneos*]" = "iPhone Developer";
				COPY_PHASE_STRIP = NO;
				GCC_C_LANGUAGE_STANDARD = gnu99;
				GCC_DYNAMIC_NO_PIC = NO;
				GCC_OPTIMIZATION_LEVEL = 0;
				GCC_PREPROCESSOR_DEFINITIONS = (
					"DEBUG=1",
					"$(inherited)",
				);
				GCC_SYMBOLS_PRIVATE_EXTERN = NO;
				GCC_VERSION = com.apple.compilers.llvm.clang.1_0;
				GCC_WARN_ABOUT_RETURN_TYPE = YES;
				GCC_WARN_UNINITIALIZED_AUTOS = YES;
				GCC_WARN_UNUSED_VARIABLE = YES;
				IPHONEOS_DEPLOYMENT_TARGET = 5.1;
				SDKROOT = iphoneos;
				TARGETED_DEVICE_FAMILY = 2;
			};
			name = Debug;
		};
		666EFFA315CB369500CA30B7 /* Release */ = {
			isa = XCBuildConfiguration;
			buildSettings = {
				ALWAYS_SEARCH_USER_PATHS = NO;
				ARCHS = "$(ARCHS_STANDARD_32_BIT)";
				CLANG_CXX_LANGUAGE_STANDARD = "gnu++0x";
				CLANG_ENABLE_OBJC_ARC = YES;
				CLANG_WARN__DUPLICATE_METHOD_MATCH = YES;
				"CODE_SIGN_IDENTITY[sdk=iphoneos*]" = "iPhone Developer";
				COPY_PHASE_STRIP = YES;
				GCC_C_LANGUAGE_STANDARD = gnu99;
				GCC_VERSION = com.apple.compilers.llvm.clang.1_0;
				GCC_WARN_ABOUT_RETURN_TYPE = YES;
				GCC_WARN_UNINITIALIZED_AUTOS = YES;
				GCC_WARN_UNUSED_VARIABLE = YES;
				IPHONEOS_DEPLOYMENT_TARGET = 5.1;
				OTHER_CFLAGS = "-DNS_BLOCK_ASSERTIONS=1";
				SDKROOT = iphoneos;
				TARGETED_DEVICE_FAMILY = 2;
				VALIDATE_PRODUCT = YES;
			};
			name = Release;
		};
		666EFFA515CB369500CA30B7 /* Debug */ = {
			isa = XCBuildConfiguration;
			buildSettings = {
				GCC_PRECOMPILE_PREFIX_HEADER = YES;
				GCC_PREFIX_HEADER = "Carogram/Carogram-Prefix.pch";
				GCC_PREPROCESSOR_DEFINITIONS = (
					"DEBUG=1",
					"$(inherited)",
					"WFIGDEBUG=1",
				);
				HEADER_SEARCH_PATHS = "$(BUILT_PRODUCTS_DIR)/../WFInstagramAPI";
				INFOPLIST_FILE = "Carogram/Carogram-Info.plist";
				LIBRARY_SEARCH_PATHS = (
					"$(inherited)",
					"\"$(SRCROOT)/TestFlightSDK1.0\"",
				);
				PRODUCT_NAME = "$(TARGET_NAME)";
				WRAPPER_EXTENSION = app;
			};
			name = Debug;
		};
		666EFFA615CB369500CA30B7 /* Release */ = {
			isa = XCBuildConfiguration;
			buildSettings = {
				GCC_PRECOMPILE_PREFIX_HEADER = YES;
				GCC_PREFIX_HEADER = "Carogram/Carogram-Prefix.pch";
				HEADER_SEARCH_PATHS = "$(BUILT_PRODUCTS_DIR)/../WFInstagramAPI";
				INFOPLIST_FILE = "Carogram/Carogram-Info.plist";
				LIBRARY_SEARCH_PATHS = (
					"$(inherited)",
					"\"$(SRCROOT)/TestFlightSDK1.0\"",
				);
				PRODUCT_NAME = "$(TARGET_NAME)";
				WRAPPER_EXTENSION = app;
			};
			name = Release;
		};
/* End XCBuildConfiguration section */

/* Begin XCConfigurationList section */
		666EFF8015CB369500CA30B7 /* Build configuration list for PBXProject "Carogram" */ = {
			isa = XCConfigurationList;
			buildConfigurations = (
				666EFFA215CB369500CA30B7 /* Debug */,
				666EFFA315CB369500CA30B7 /* Release */,
				23A290F515F01E9000EBDC67 /* Ad Hoc */,
			);
			defaultConfigurationIsVisible = 0;
			defaultConfigurationName = Release;
		};
		666EFFA415CB369500CA30B7 /* Build configuration list for PBXNativeTarget "Carogram" */ = {
			isa = XCConfigurationList;
			buildConfigurations = (
				666EFFA515CB369500CA30B7 /* Debug */,
				666EFFA615CB369500CA30B7 /* Release */,
				23A290F615F01E9000EBDC67 /* Ad Hoc */,
			);
			defaultConfigurationIsVisible = 0;
			defaultConfigurationName = Release;
		};
/* End XCConfigurationList section */
	};
	rootObject = 666EFF7D15CB369500CA30B7 /* Project object */;
}
