// !$*UTF8*$!
{
	archiveVersion = 1;
	classes = {
	};
	objectVersion = 46;
	objects = {

/* Begin PBXBuildFile section */
		2303559A15EA0EB000C80D31 /* QuartzCore.framework in Frameworks */ = {isa = PBXBuildFile; fileRef = 2303559915EA0EB000C80D31 /* QuartzCore.framework */; };
		230355E315EC241000C80D31 /* CRGGridViewController.m in Sources */ = {isa = PBXBuildFile; fileRef = 230355E115EC241000C80D31 /* CRGGridViewController.m */; };
		230355EC15EC854B00C80D31 /* CRGImageGridViewCell.m in Sources */ = {isa = PBXBuildFile; fileRef = 230355EB15EC854B00C80D31 /* CRGImageGridViewCell.m */; };
		230B1EFD15EE986F00A00058 /* CRGUserFeedViewController.m in Sources */ = {isa = PBXBuildFile; fileRef = 230B1EFC15EE986F00A00058 /* CRGUserFeedViewController.m */; };
		230BF2D415E83314005DB8A0 /* NSURL+WillFleming.m in Sources */ = {isa = PBXBuildFile; fileRef = 230BF2D315E828B8005DB8A0 /* NSURL+WillFleming.m */; };
		230BF2D715E83BB9005DB8A0 /* CRGLoginView.m in Sources */ = {isa = PBXBuildFile; fileRef = 230BF2D615E83BB9005DB8A0 /* CRGLoginView.m */; };
		231082BC15E5FB9B008D3F70 /* title-bar-bg.png in Resources */ = {isa = PBXBuildFile; fileRef = 231082BA15E5FB9B008D3F70 /* title-bar-bg.png */; };
		231082BD15E5FB9B008D3F70 /* title-bar-bg@2x.png in Resources */ = {isa = PBXBuildFile; fileRef = 231082BB15E5FB9B008D3F70 /* title-bar-bg@2x.png */; };
		231082C415E5FEC8008D3F70 /* CRGMediaViewController.m in Sources */ = {isa = PBXBuildFile; fileRef = 231082C315E5FEC8008D3F70 /* CRGMediaViewController.m */; };
		2314F7B515F5DD8200445BDE /* CRGDetailsViewController.m in Sources */ = {isa = PBXBuildFile; fileRef = 2314F7B415F5DD8200445BDE /* CRGDetailsViewController.m */; };
		2314F7B915F7361C00445BDE /* details-buttons-bg.png in Resources */ = {isa = PBXBuildFile; fileRef = 2314F7B715F7361C00445BDE /* details-buttons-bg.png */; };
		2314F7BA15F7361C00445BDE /* details-buttons-bg@2x.png in Resources */ = {isa = PBXBuildFile; fileRef = 2314F7B815F7361C00445BDE /* details-buttons-bg@2x.png */; };
		2314F7C115F73AA200445BDE /* btn-close.png in Resources */ = {isa = PBXBuildFile; fileRef = 2314F7BF15F73AA200445BDE /* btn-close.png */; };
		2314F7C215F73AA200445BDE /* btn-close@2x.png in Resources */ = {isa = PBXBuildFile; fileRef = 2314F7C015F73AA200445BDE /* btn-close@2x.png */; };
		2314F7CF15F7E2CF00445BDE /* btn-comment-selected.png in Resources */ = {isa = PBXBuildFile; fileRef = 2314F7CB15F7E2CF00445BDE /* btn-comment-selected.png */; };
		2314F7D015F7E2CF00445BDE /* btn-comment-selected@2x.png in Resources */ = {isa = PBXBuildFile; fileRef = 2314F7CC15F7E2CF00445BDE /* btn-comment-selected@2x.png */; };
		2314F7D115F7E2CF00445BDE /* btn-comment.png in Resources */ = {isa = PBXBuildFile; fileRef = 2314F7CD15F7E2CF00445BDE /* btn-comment.png */; };
		2314F7D215F7E2CF00445BDE /* btn-comment@2x.png in Resources */ = {isa = PBXBuildFile; fileRef = 2314F7CE15F7E2CF00445BDE /* btn-comment@2x.png */; };
		2314F7D715F7E2EC00445BDE /* btn-like-selected.png in Resources */ = {isa = PBXBuildFile; fileRef = 2314F7D315F7E2EC00445BDE /* btn-like-selected.png */; };
		2314F7D815F7E2EC00445BDE /* btn-like-selected@2x.png in Resources */ = {isa = PBXBuildFile; fileRef = 2314F7D415F7E2EC00445BDE /* btn-like-selected@2x.png */; };
		2314F7D915F7E2EC00445BDE /* btn-like.png in Resources */ = {isa = PBXBuildFile; fileRef = 2314F7D515F7E2EC00445BDE /* btn-like.png */; };
		2314F7DA15F7E2EC00445BDE /* btn-like@2x.png in Resources */ = {isa = PBXBuildFile; fileRef = 2314F7D615F7E2EC00445BDE /* btn-like@2x.png */; };
		2314F7E515F7EBA300445BDE /* CRGCommentCell.m in Sources */ = {isa = PBXBuildFile; fileRef = 2314F7E415F7EBA300445BDE /* CRGCommentCell.m */; };
		2314F7E715F7FD3E00445BDE /* CRGCommentCell.xib in Resources */ = {isa = PBXBuildFile; fileRef = 2314F7E615F7FD3E00445BDE /* CRGCommentCell.xib */; };
		2314F7EA15F802F900445BDE /* comment-cell-bg.png in Resources */ = {isa = PBXBuildFile; fileRef = 2314F7E815F802F900445BDE /* comment-cell-bg.png */; };
		2314F7EB15F802F900445BDE /* comment-cell-bg@2x.png in Resources */ = {isa = PBXBuildFile; fileRef = 2314F7E915F802F900445BDE /* comment-cell-bg@2x.png */; };
		2314F80C15FE6D2600445BDE /* CRGPagingSlideViewController.m in Sources */ = {isa = PBXBuildFile; fileRef = 2314F80B15FE6D2600445BDE /* CRGPagingSlideViewController.m */; };
		2314F80F15FE92CB00445BDE /* CRGPagingGridViewController.m in Sources */ = {isa = PBXBuildFile; fileRef = 2314F80E15FE92CA00445BDE /* CRGPagingGridViewController.m */; };
		2314F81215FEAE8800445BDE /* CRGPagingMediaViewController.m in Sources */ = {isa = PBXBuildFile; fileRef = 2314F81115FEAE8800445BDE /* CRGPagingMediaViewController.m */; };
		231CDA1316D7F02D00ADD0A7 /* btn-submit.png in Resources */ = {isa = PBXBuildFile; fileRef = 231CDA1116D7F02D00ADD0A7 /* btn-submit.png */; };
		231CDA1416D7F02D00ADD0A7 /* btn-submit@2x.png in Resources */ = {isa = PBXBuildFile; fileRef = 231CDA1216D7F02D00ADD0A7 /* btn-submit@2x.png */; };
		231F5A8E15E6124B00D85115 /* bg.png in Resources */ = {isa = PBXBuildFile; fileRef = 231F5A8C15E6124B00D85115 /* bg.png */; };
		231F5A8F15E6124B00D85115 /* bg@2x.png in Resources */ = {isa = PBXBuildFile; fileRef = 231F5A8D15E6124B00D85115 /* bg@2x.png */; };
		231F5A9315E6175A00D85115 /* search-bg.png in Resources */ = {isa = PBXBuildFile; fileRef = 231F5A9115E6175A00D85115 /* search-bg.png */; };
		231F5A9415E6175A00D85115 /* search-bg@2x.png in Resources */ = {isa = PBXBuildFile; fileRef = 231F5A9215E6175A00D85115 /* search-bg@2x.png */; };
		231F5A9815E619F500D85115 /* search-icon@2x.png in Resources */ = {isa = PBXBuildFile; fileRef = 231F5A9615E619F500D85115 /* search-icon@2x.png */; };
		231F5A9A15E61A5F00D85115 /* search-icon.png in Resources */ = {isa = PBXBuildFile; fileRef = 231F5A9915E61A5F00D85115 /* search-icon.png */; };
		2320A6DB16A7DBA700194A8F /* libWFInstagramAPI.a in Frameworks */ = {isa = PBXBuildFile; fileRef = 2320A6D816A7DB8D00194A8F /* libWFInstagramAPI.a */; };
		2320A6DE16A8686400194A8F /* WFInstagramAPI.h in Resources */ = {isa = PBXBuildFile; fileRef = 2320A6DD16A8685E00194A8F /* WFInstagramAPI.h */; };
		2320A6E616A8689300194A8F /* WFIGConnection.h in Resources */ = {isa = PBXBuildFile; fileRef = 2320A6DF16A8689300194A8F /* WFIGConnection.h */; };
		2320A6E716A8689300194A8F /* WFIGConnectionDelegate.h in Resources */ = {isa = PBXBuildFile; fileRef = 2320A6E016A8689300194A8F /* WFIGConnectionDelegate.h */; };
		2320A6E816A8689300194A8F /* WFIGResponse.h in Resources */ = {isa = PBXBuildFile; fileRef = 2320A6E116A8689300194A8F /* WFIGResponse.h */; };
		2320A6E916A8689300194A8F /* WFIGDefaultSerializer.h in Resources */ = {isa = PBXBuildFile; fileRef = 2320A6E216A8689300194A8F /* WFIGDefaultSerializer.h */; };
		2320A6EA16A8689300194A8F /* WFIGCJSONSerializer.h in Resources */ = {isa = PBXBuildFile; fileRef = 2320A6E316A8689300194A8F /* WFIGCJSONSerializer.h */; };
		2320A6EB16A8689300194A8F /* WFIGImageCache.h in Resources */ = {isa = PBXBuildFile; fileRef = 2320A6E416A8689300194A8F /* WFIGImageCache.h */; };
		2320A6EC16A8689300194A8F /* WFIGMedia.h in Resources */ = {isa = PBXBuildFile; fileRef = 2320A6E516A8689300194A8F /* WFIGMedia.h */; };
		2320A6F216A868AC00194A8F /* WFIGMediaCollection.h in Resources */ = {isa = PBXBuildFile; fileRef = 2320A6EE16A868AC00194A8F /* WFIGMediaCollection.h */; };
		2320A6F316A868AC00194A8F /* WFIGUser.h in Resources */ = {isa = PBXBuildFile; fileRef = 2320A6EF16A868AC00194A8F /* WFIGUser.h */; };
		2320A6F416A868AC00194A8F /* WFIGComment.h in Resources */ = {isa = PBXBuildFile; fileRef = 2320A6F016A868AC00194A8F /* WFIGComment.h */; };
		2320A6F816A868D700194A8F /* WFIGAuthController.h in Resources */ = {isa = PBXBuildFile; fileRef = 2320A6F516A868D700194A8F /* WFIGAuthController.h */; };
		2320A6F916A868D700194A8F /* WFIGAuthDefaultInitialView.h in Resources */ = {isa = PBXBuildFile; fileRef = 2320A6F616A868D700194A8F /* WFIGAuthDefaultInitialView.h */; };
		2320A6FA16A868D700194A8F /* WFIGFunctions.h in Resources */ = {isa = PBXBuildFile; fileRef = 2320A6F716A868D700194A8F /* WFIGFunctions.h */; };
		2320A71216A8759100194A8F /* libTestFlight.a in Frameworks */ = {isa = PBXBuildFile; fileRef = 2320A70E16A8759100194A8F /* libTestFlight.a */; };
		2320A71316A8759100194A8F /* README.md in Resources */ = {isa = PBXBuildFile; fileRef = 2320A70F16A8759100194A8F /* README.md */; };
		2320A71416A8759100194A8F /* release_notes.md in Resources */ = {isa = PBXBuildFile; fileRef = 2320A71016A8759100194A8F /* release_notes.md */; };
		23230BD316AFB49400396670 /* Gotham-Medium.otf in Resources */ = {isa = PBXBuildFile; fileRef = 23230BD216AFB49400396670 /* Gotham-Medium.otf */; };
		23230BD616AFBD0100396670 /* caragram-logo.png in Resources */ = {isa = PBXBuildFile; fileRef = 23230BD416AFBD0100396670 /* caragram-logo.png */; };
		23230BD716AFBD0100396670 /* caragram-logo@2x.png in Resources */ = {isa = PBXBuildFile; fileRef = 23230BD516AFBD0100396670 /* caragram-logo@2x.png */; };
		23230BDA16B05D4100396670 /* btn-popular-media-depressed.png in Resources */ = {isa = PBXBuildFile; fileRef = 23230BD816B05D4100396670 /* btn-popular-media-depressed.png */; };
		23230BDB16B05D4100396670 /* btn-popular-media-depressed@2x.png in Resources */ = {isa = PBXBuildFile; fileRef = 23230BD916B05D4100396670 /* btn-popular-media-depressed@2x.png */; };
		23230BDE16B05D5900396670 /* btn-popular-media.png in Resources */ = {isa = PBXBuildFile; fileRef = 23230BDC16B05D5900396670 /* btn-popular-media.png */; };
		23230BDF16B05D5900396670 /* btn-popular-media@2x.png in Resources */ = {isa = PBXBuildFile; fileRef = 23230BDD16B05D5900396670 /* btn-popular-media@2x.png */; };
		23230BE416B05D6800396670 /* btn-user-feed-depressed.png in Resources */ = {isa = PBXBuildFile; fileRef = 23230BE016B05D6800396670 /* btn-user-feed-depressed.png */; };
		23230BE516B05D6800396670 /* btn-user-feed-depressed@2x.png in Resources */ = {isa = PBXBuildFile; fileRef = 23230BE116B05D6800396670 /* btn-user-feed-depressed@2x.png */; };
		23230BE616B05D6800396670 /* btn-user-feed.png in Resources */ = {isa = PBXBuildFile; fileRef = 23230BE216B05D6800396670 /* btn-user-feed.png */; };
		23230BE716B05D6800396670 /* btn-user-feed@2x.png in Resources */ = {isa = PBXBuildFile; fileRef = 23230BE316B05D6800396670 /* btn-user-feed@2x.png */; };
		2337EAE715F47A44002A057A /* refresh-bg.jpg in Resources */ = {isa = PBXBuildFile; fileRef = 2337EAE515F47A44002A057A /* refresh-bg.jpg */; };
		2337EAE815F47A44002A057A /* refresh-bg@2x.jpg in Resources */ = {isa = PBXBuildFile; fileRef = 2337EAE615F47A44002A057A /* refresh-bg@2x.jpg */; };
		2337EAEF15F480B2002A057A /* icon-refresh.png in Resources */ = {isa = PBXBuildFile; fileRef = 2337EAED15F480B2002A057A /* icon-refresh.png */; };
		2337EAF015F480B2002A057A /* icon-refresh@2x.png in Resources */ = {isa = PBXBuildFile; fileRef = 2337EAEE15F480B2002A057A /* icon-refresh@2x.png */; };
		2337EAF515F480DA002A057A /* icon-comments.png in Resources */ = {isa = PBXBuildFile; fileRef = 2337EAF115F480DA002A057A /* icon-comments.png */; };
		2337EAF615F480DA002A057A /* icon-comments@2x.png in Resources */ = {isa = PBXBuildFile; fileRef = 2337EAF215F480DA002A057A /* icon-comments@2x.png */; };
		2337EAF715F480DA002A057A /* icon-likes.png in Resources */ = {isa = PBXBuildFile; fileRef = 2337EAF315F480DA002A057A /* icon-likes.png */; };
		2337EAF815F480DA002A057A /* icon-likes@2x.png in Resources */ = {isa = PBXBuildFile; fileRef = 2337EAF415F480DA002A057A /* icon-likes@2x.png */; };
		2354EAB116D68F4C008369D0 /* btn-share-selected.png in Resources */ = {isa = PBXBuildFile; fileRef = 2354EAAD16D68F4C008369D0 /* btn-share-selected.png */; };
		2354EAB216D68F4C008369D0 /* btn-share-selected@2x.png in Resources */ = {isa = PBXBuildFile; fileRef = 2354EAAE16D68F4C008369D0 /* btn-share-selected@2x.png */; };
		2354EAB316D68F4C008369D0 /* btn-share.png in Resources */ = {isa = PBXBuildFile; fileRef = 2354EAAF16D68F4C008369D0 /* btn-share.png */; };
		2354EAB416D68F4C008369D0 /* btn-share@2x.png in Resources */ = {isa = PBXBuildFile; fileRef = 2354EAB016D68F4C008369D0 /* btn-share@2x.png */; };
		2354EABA16D6BE98008369D0 /* CRGNewCommentViewController.m in Sources */ = {isa = PBXBuildFile; fileRef = 2354EAB916D6BE98008369D0 /* CRGNewCommentViewController.m */; };
		236BDBA415E7517B00020CE8 /* APIClient.plist in Resources */ = {isa = PBXBuildFile; fileRef = 236BDBA315E7517B00020CE8 /* APIClient.plist */; };
		237EF16216AF641E00AC5615 /* title-bar-bg-tile.png in Resources */ = {isa = PBXBuildFile; fileRef = 237EF16016AF641E00AC5615 /* title-bar-bg-tile.png */; };
		237EF16316AF641E00AC5615 /* title-bar-bg-tile@2x.png in Resources */ = {isa = PBXBuildFile; fileRef = 237EF16116AF641E00AC5615 /* title-bar-bg-tile@2x.png */; };
		238426A615EEE1CB0077DDF8 /* progress-bg.png in Resources */ = {isa = PBXBuildFile; fileRef = 238426A415EEE1CB0077DDF8 /* progress-bg.png */; };
		238426A715EEE1CB0077DDF8 /* progress-bg@2x.png in Resources */ = {isa = PBXBuildFile; fileRef = 238426A515EEE1CB0077DDF8 /* progress-bg@2x.png */; };
		238426C715EF31780077DDF8 /* CRGClipView.m in Sources */ = {isa = PBXBuildFile; fileRef = 238426B815EF016C0077DDF8 /* CRGClipView.m */; };
		238A5D6516ADF3E200CAA6C1 /* CRGTagSearchViewController.m in Sources */ = {isa = PBXBuildFile; fileRef = 238A5D6416ADF3E200CAA6C1 /* CRGTagSearchViewController.m */; };
		238A5D6816AE16EF00CAA6C1 /* CRGMainViewController.m in Sources */ = {isa = PBXBuildFile; fileRef = 238A5D6716AE16EE00CAA6C1 /* CRGMainViewController.m */; };
		238FF21815E8A533004D3356 /* CRGAuthController.m in Sources */ = {isa = PBXBuildFile; fileRef = 238FF21715E8A533004D3356 /* CRGAuthController.m */; };
		23A49E4815E444FE00038FCA /* CRGPopularMediaViewController.m in Sources */ = {isa = PBXBuildFile; fileRef = 23A49E4615E444FE00038FCA /* CRGPopularMediaViewController.m */; };
		23B09F7115F04FAA00490AF9 /* CRGSlideViewController.m in Sources */ = {isa = PBXBuildFile; fileRef = 238426C515EF2D330077DDF8 /* CRGSlideViewController.m */; };
		23E83C4616D53E8200D32B3D /* details-header-bg.png in Resources */ = {isa = PBXBuildFile; fileRef = 23E83C4416D53E8200D32B3D /* details-header-bg.png */; };
		23E83C4716D53E8200D32B3D /* details-header-bg@2x.png in Resources */ = {isa = PBXBuildFile; fileRef = 23E83C4516D53E8200D32B3D /* details-header-bg@2x.png */; };
		23E83C4C16D5470800D32B3D /* details-bg-tile.png in Resources */ = {isa = PBXBuildFile; fileRef = 23E83C4A16D5470800D32B3D /* details-bg-tile.png */; };
		23E83C4D16D5470800D32B3D /* details-bg-tile@2x.png in Resources */ = {isa = PBXBuildFile; fileRef = 23E83C4B16D5470800D32B3D /* details-bg-tile@2x.png */; };
		23F9DDA415F04930002A62F7 /* connect-background.jpg in Resources */ = {isa = PBXBuildFile; fileRef = 23F9DDA215F04930002A62F7 /* connect-background.jpg */; };
		23F9DDA515F04930002A62F7 /* connect-background@2x.jpg in Resources */ = {isa = PBXBuildFile; fileRef = 23F9DDA315F04930002A62F7 /* connect-background@2x.jpg */; };
		23FC575515F0195E002304D9 /* libz.dylib in Frameworks */ = {isa = PBXBuildFile; fileRef = 23FC575415F0195E002304D9 /* libz.dylib */; };
		666EFF8B15CB369500CA30B7 /* UIKit.framework in Frameworks */ = {isa = PBXBuildFile; fileRef = 666EFF8A15CB369500CA30B7 /* UIKit.framework */; };
		666EFF8D15CB369500CA30B7 /* Foundation.framework in Frameworks */ = {isa = PBXBuildFile; fileRef = 666EFF8C15CB369500CA30B7 /* Foundation.framework */; };
		666EFF8F15CB369500CA30B7 /* CoreGraphics.framework in Frameworks */ = {isa = PBXBuildFile; fileRef = 666EFF8E15CB369500CA30B7 /* CoreGraphics.framework */; };
		666EFF9515CB369500CA30B7 /* InfoPlist.strings in Resources */ = {isa = PBXBuildFile; fileRef = 666EFF9315CB369500CA30B7 /* InfoPlist.strings */; };
		666EFF9715CB369500CA30B7 /* main.m in Sources */ = {isa = PBXBuildFile; fileRef = 666EFF9615CB369500CA30B7 /* main.m */; };
		666EFF9B15CB369500CA30B7 /* CRGAppDelegate.m in Sources */ = {isa = PBXBuildFile; fileRef = 666EFF9A15CB369500CA30B7 /* CRGAppDelegate.m */; };
		666EFF9E15CB369500CA30B7 /* MainStoryboard.storyboard in Resources */ = {isa = PBXBuildFile; fileRef = 666EFF9C15CB369500CA30B7 /* MainStoryboard.storyboard */; };
		66DCDADE15DC5C0B00E4B966 /* Default-Landscape@2x~ipad.png in Resources */ = {isa = PBXBuildFile; fileRef = 66DCDADD15DC5C0B00E4B966 /* Default-Landscape@2x~ipad.png */; };
		66DCDAE015DC5C4D00E4B966 /* Default-Landscape~ipad.png in Resources */ = {isa = PBXBuildFile; fileRef = 66DCDADF15DC5C4D00E4B966 /* Default-Landscape~ipad.png */; };
		66DCDAE815DC5F9900E4B966 /* launch.png in Resources */ = {isa = PBXBuildFile; fileRef = 66DCDAE415DC5F9900E4B966 /* launch.png */; };
		66DCDAE915DC5F9900E4B966 /* launch@2x.png in Resources */ = {isa = PBXBuildFile; fileRef = 66DCDAE515DC5F9900E4B966 /* launch@2x.png */; };
		66DCDAEC15DC608D00E4B966 /* btn-connect.png in Resources */ = {isa = PBXBuildFile; fileRef = 66DCDAEA15DC608D00E4B966 /* btn-connect.png */; };
		66DCDAED15DC608D00E4B966 /* btn-connect@2x.png in Resources */ = {isa = PBXBuildFile; fileRef = 66DCDAEB15DC608D00E4B966 /* btn-connect@2x.png */; };
/* End PBXBuildFile section */

/* Begin PBXContainerItemProxy section */
		2320A6D716A7DB8D00194A8F /* PBXContainerItemProxy */ = {
			isa = PBXContainerItemProxy;
			containerPortal = 2320A6CF16A7DB8D00194A8F /* WFInstagramAPI.xcodeproj */;
			proxyType = 2;
			remoteGlobalIDString = BE88E22E14C12548006910C5;
			remoteInfo = WFInstagramAPI;
		};
		2320A6D916A7DB8D00194A8F /* PBXContainerItemProxy */ = {
			isa = PBXContainerItemProxy;
			containerPortal = 2320A6CF16A7DB8D00194A8F /* WFInstagramAPI.xcodeproj */;
			proxyType = 2;
			remoteGlobalIDString = BE88E23E14C12549006910C5;
			remoteInfo = WFInstagramAPITests;
		};
/* End PBXContainerItemProxy section */

/* Begin PBXFileReference section */
		2303559915EA0EB000C80D31 /* QuartzCore.framework */ = {isa = PBXFileReference; lastKnownFileType = wrapper.framework; name = QuartzCore.framework; path = System/Library/Frameworks/QuartzCore.framework; sourceTree = SDKROOT; };
		230355E015EC241000C80D31 /* CRGGridViewController.h */ = {isa = PBXFileReference; fileEncoding = 4; lastKnownFileType = sourcecode.c.h; path = CRGGridViewController.h; sourceTree = "<group>"; };
		230355E115EC241000C80D31 /* CRGGridViewController.m */ = {isa = PBXFileReference; fileEncoding = 4; lastKnownFileType = sourcecode.c.objc; path = CRGGridViewController.m; sourceTree = "<group>"; };
		230355EA15EC854B00C80D31 /* CRGImageGridViewCell.h */ = {isa = PBXFileReference; fileEncoding = 4; lastKnownFileType = sourcecode.c.h; path = CRGImageGridViewCell.h; sourceTree = "<group>"; };
		230355EB15EC854B00C80D31 /* CRGImageGridViewCell.m */ = {isa = PBXFileReference; fileEncoding = 4; lastKnownFileType = sourcecode.c.objc; path = CRGImageGridViewCell.m; sourceTree = "<group>"; };
		230B1EFB15EE986F00A00058 /* CRGUserFeedViewController.h */ = {isa = PBXFileReference; fileEncoding = 4; lastKnownFileType = sourcecode.c.h; path = CRGUserFeedViewController.h; sourceTree = "<group>"; };
		230B1EFC15EE986F00A00058 /* CRGUserFeedViewController.m */ = {isa = PBXFileReference; fileEncoding = 4; lastKnownFileType = sourcecode.c.objc; path = CRGUserFeedViewController.m; sourceTree = "<group>"; };
		230BF2D215E828B8005DB8A0 /* NSURL+WillFleming.h */ = {isa = PBXFileReference; lastKnownFileType = sourcecode.c.h; path = "NSURL+WillFleming.h"; sourceTree = "<group>"; };
		230BF2D315E828B8005DB8A0 /* NSURL+WillFleming.m */ = {isa = PBXFileReference; lastKnownFileType = sourcecode.c.objc; path = "NSURL+WillFleming.m"; sourceTree = "<group>"; };
		230BF2D515E83BB9005DB8A0 /* CRGLoginView.h */ = {isa = PBXFileReference; fileEncoding = 4; lastKnownFileType = sourcecode.c.h; path = CRGLoginView.h; sourceTree = "<group>"; };
		230BF2D615E83BB9005DB8A0 /* CRGLoginView.m */ = {isa = PBXFileReference; fileEncoding = 4; lastKnownFileType = sourcecode.c.objc; path = CRGLoginView.m; sourceTree = "<group>"; };
		231082BA15E5FB9B008D3F70 /* title-bar-bg.png */ = {isa = PBXFileReference; lastKnownFileType = image.png; path = "title-bar-bg.png"; sourceTree = "<group>"; };
		231082BB15E5FB9B008D3F70 /* title-bar-bg@2x.png */ = {isa = PBXFileReference; lastKnownFileType = image.png; path = "title-bar-bg@2x.png"; sourceTree = "<group>"; };
		231082C215E5FEC8008D3F70 /* CRGMediaViewController.h */ = {isa = PBXFileReference; fileEncoding = 4; lastKnownFileType = sourcecode.c.h; path = CRGMediaViewController.h; sourceTree = "<group>"; };
		231082C315E5FEC8008D3F70 /* CRGMediaViewController.m */ = {isa = PBXFileReference; fileEncoding = 4; lastKnownFileType = sourcecode.c.objc; path = CRGMediaViewController.m; sourceTree = "<group>"; };
		2314F7B315F5DD8200445BDE /* CRGDetailsViewController.h */ = {isa = PBXFileReference; fileEncoding = 4; lastKnownFileType = sourcecode.c.h; path = CRGDetailsViewController.h; sourceTree = "<group>"; };
		2314F7B415F5DD8200445BDE /* CRGDetailsViewController.m */ = {isa = PBXFileReference; fileEncoding = 4; lastKnownFileType = sourcecode.c.objc; path = CRGDetailsViewController.m; sourceTree = "<group>"; };
		2314F7B615F6B83300445BDE /* CRGMediaSelectorDelegate.h */ = {isa = PBXFileReference; lastKnownFileType = sourcecode.c.h; path = CRGMediaSelectorDelegate.h; sourceTree = "<group>"; };
		2314F7B715F7361C00445BDE /* details-buttons-bg.png */ = {isa = PBXFileReference; lastKnownFileType = image.png; path = "details-buttons-bg.png"; sourceTree = "<group>"; };
		2314F7B815F7361C00445BDE /* details-buttons-bg@2x.png */ = {isa = PBXFileReference; lastKnownFileType = image.png; path = "details-buttons-bg@2x.png"; sourceTree = "<group>"; };
		2314F7BF15F73AA200445BDE /* btn-close.png */ = {isa = PBXFileReference; lastKnownFileType = image.png; path = "btn-close.png"; sourceTree = "<group>"; };
		2314F7C015F73AA200445BDE /* btn-close@2x.png */ = {isa = PBXFileReference; lastKnownFileType = image.png; path = "btn-close@2x.png"; sourceTree = "<group>"; };
		2314F7CB15F7E2CF00445BDE /* btn-comment-selected.png */ = {isa = PBXFileReference; lastKnownFileType = image.png; path = "btn-comment-selected.png"; sourceTree = "<group>"; };
		2314F7CC15F7E2CF00445BDE /* btn-comment-selected@2x.png */ = {isa = PBXFileReference; lastKnownFileType = image.png; path = "btn-comment-selected@2x.png"; sourceTree = "<group>"; };
		2314F7CD15F7E2CF00445BDE /* btn-comment.png */ = {isa = PBXFileReference; lastKnownFileType = image.png; path = "btn-comment.png"; sourceTree = "<group>"; };
		2314F7CE15F7E2CF00445BDE /* btn-comment@2x.png */ = {isa = PBXFileReference; lastKnownFileType = image.png; path = "btn-comment@2x.png"; sourceTree = "<group>"; };
		2314F7D315F7E2EC00445BDE /* btn-like-selected.png */ = {isa = PBXFileReference; lastKnownFileType = image.png; path = "btn-like-selected.png"; sourceTree = "<group>"; };
		2314F7D415F7E2EC00445BDE /* btn-like-selected@2x.png */ = {isa = PBXFileReference; lastKnownFileType = image.png; path = "btn-like-selected@2x.png"; sourceTree = "<group>"; };
		2314F7D515F7E2EC00445BDE /* btn-like.png */ = {isa = PBXFileReference; lastKnownFileType = image.png; path = "btn-like.png"; sourceTree = "<group>"; };
		2314F7D615F7E2EC00445BDE /* btn-like@2x.png */ = {isa = PBXFileReference; lastKnownFileType = image.png; path = "btn-like@2x.png"; sourceTree = "<group>"; };
		2314F7E315F7EBA300445BDE /* CRGCommentCell.h */ = {isa = PBXFileReference; fileEncoding = 4; lastKnownFileType = sourcecode.c.h; path = CRGCommentCell.h; sourceTree = "<group>"; };
		2314F7E415F7EBA300445BDE /* CRGCommentCell.m */ = {isa = PBXFileReference; fileEncoding = 4; lastKnownFileType = sourcecode.c.objc; path = CRGCommentCell.m; sourceTree = "<group>"; };
		2314F7E615F7FD3E00445BDE /* CRGCommentCell.xib */ = {isa = PBXFileReference; fileEncoding = 4; lastKnownFileType = file.xib; path = CRGCommentCell.xib; sourceTree = "<group>"; };
		2314F7E815F802F900445BDE /* comment-cell-bg.png */ = {isa = PBXFileReference; lastKnownFileType = image.png; path = "comment-cell-bg.png"; sourceTree = "<group>"; };
		2314F7E915F802F900445BDE /* comment-cell-bg@2x.png */ = {isa = PBXFileReference; lastKnownFileType = image.png; path = "comment-cell-bg@2x.png"; sourceTree = "<group>"; };
		2314F80A15FE6D2600445BDE /* CRGPagingSlideViewController.h */ = {isa = PBXFileReference; fileEncoding = 4; lastKnownFileType = sourcecode.c.h; path = CRGPagingSlideViewController.h; sourceTree = "<group>"; };
		2314F80B15FE6D2600445BDE /* CRGPagingSlideViewController.m */ = {isa = PBXFileReference; fileEncoding = 4; lastKnownFileType = sourcecode.c.objc; path = CRGPagingSlideViewController.m; sourceTree = "<group>"; };
		2314F80D15FE92CA00445BDE /* CRGPagingGridViewController.h */ = {isa = PBXFileReference; fileEncoding = 4; lastKnownFileType = sourcecode.c.h; path = CRGPagingGridViewController.h; sourceTree = "<group>"; };
		2314F80E15FE92CA00445BDE /* CRGPagingGridViewController.m */ = {isa = PBXFileReference; fileEncoding = 4; lastKnownFileType = sourcecode.c.objc; path = CRGPagingGridViewController.m; sourceTree = "<group>"; };
		2314F81015FEAE8700445BDE /* CRGPagingMediaViewController.h */ = {isa = PBXFileReference; fileEncoding = 4; lastKnownFileType = sourcecode.c.h; path = CRGPagingMediaViewController.h; sourceTree = "<group>"; };
		2314F81115FEAE8800445BDE /* CRGPagingMediaViewController.m */ = {isa = PBXFileReference; fileEncoding = 4; lastKnownFileType = sourcecode.c.objc; path = CRGPagingMediaViewController.m; sourceTree = "<group>"; };
		231CDA1116D7F02D00ADD0A7 /* btn-submit.png */ = {isa = PBXFileReference; lastKnownFileType = image.png; path = "btn-submit.png"; sourceTree = "<group>"; };
		231CDA1216D7F02D00ADD0A7 /* btn-submit@2x.png */ = {isa = PBXFileReference; lastKnownFileType = image.png; path = "btn-submit@2x.png"; sourceTree = "<group>"; };
		231F5A8C15E6124B00D85115 /* bg.png */ = {isa = PBXFileReference; lastKnownFileType = image.png; path = bg.png; sourceTree = "<group>"; };
		231F5A8D15E6124B00D85115 /* bg@2x.png */ = {isa = PBXFileReference; lastKnownFileType = image.png; path = "bg@2x.png"; sourceTree = "<group>"; };
		231F5A9115E6175A00D85115 /* search-bg.png */ = {isa = PBXFileReference; lastKnownFileType = image.png; path = "search-bg.png"; sourceTree = "<group>"; };
		231F5A9215E6175A00D85115 /* search-bg@2x.png */ = {isa = PBXFileReference; lastKnownFileType = image.png; path = "search-bg@2x.png"; sourceTree = "<group>"; };
		231F5A9615E619F500D85115 /* search-icon@2x.png */ = {isa = PBXFileReference; lastKnownFileType = image.png; path = "search-icon@2x.png"; sourceTree = "<group>"; };
		231F5A9915E61A5F00D85115 /* search-icon.png */ = {isa = PBXFileReference; lastKnownFileType = image.png; path = "search-icon.png"; sourceTree = "<group>"; };
		2320A6CF16A7DB8D00194A8F /* WFInstagramAPI.xcodeproj */ = {isa = PBXFileReference; lastKnownFileType = "wrapper.pb-project"; name = WFInstagramAPI.xcodeproj; path = WFInstagramAPI/WFInstagramAPI.xcodeproj; sourceTree = "<group>"; };
		2320A6DD16A8685E00194A8F /* WFInstagramAPI.h */ = {isa = PBXFileReference; fileEncoding = 4; lastKnownFileType = sourcecode.c.h; name = WFInstagramAPI.h; path = ../WFInstagramAPI/WFInstagramAPI/WFInstagramAPI.h; sourceTree = "<group>"; };
		2320A6DF16A8689300194A8F /* WFIGConnection.h */ = {isa = PBXFileReference; fileEncoding = 4; lastKnownFileType = sourcecode.c.h; name = WFIGConnection.h; path = ../WFInstagramAPI/WFInstagramAPI/WFIGConnection.h; sourceTree = "<group>"; };
		2320A6E016A8689300194A8F /* WFIGConnectionDelegate.h */ = {isa = PBXFileReference; fileEncoding = 4; lastKnownFileType = sourcecode.c.h; name = WFIGConnectionDelegate.h; path = ../WFInstagramAPI/WFInstagramAPI/WFIGConnectionDelegate.h; sourceTree = "<group>"; };
		2320A6E116A8689300194A8F /* WFIGResponse.h */ = {isa = PBXFileReference; fileEncoding = 4; lastKnownFileType = sourcecode.c.h; name = WFIGResponse.h; path = ../WFInstagramAPI/WFInstagramAPI/WFIGResponse.h; sourceTree = "<group>"; };
		2320A6E216A8689300194A8F /* WFIGDefaultSerializer.h */ = {isa = PBXFileReference; fileEncoding = 4; lastKnownFileType = sourcecode.c.h; name = WFIGDefaultSerializer.h; path = ../WFInstagramAPI/WFInstagramAPI/WFIGDefaultSerializer.h; sourceTree = "<group>"; };
		2320A6E316A8689300194A8F /* WFIGCJSONSerializer.h */ = {isa = PBXFileReference; fileEncoding = 4; lastKnownFileType = sourcecode.c.h; name = WFIGCJSONSerializer.h; path = ../WFInstagramAPI/WFInstagramAPI/WFIGCJSONSerializer.h; sourceTree = "<group>"; };
		2320A6E416A8689300194A8F /* WFIGImageCache.h */ = {isa = PBXFileReference; fileEncoding = 4; lastKnownFileType = sourcecode.c.h; name = WFIGImageCache.h; path = ../WFInstagramAPI/WFInstagramAPI/WFIGImageCache.h; sourceTree = "<group>"; };
		2320A6E516A8689300194A8F /* WFIGMedia.h */ = {isa = PBXFileReference; fileEncoding = 4; lastKnownFileType = sourcecode.c.h; name = WFIGMedia.h; path = ../WFInstagramAPI/WFInstagramAPI/WFIGMedia.h; sourceTree = "<group>"; };
		2320A6ED16A868AC00194A8F /* WFIGMedia.h */ = {isa = PBXFileReference; fileEncoding = 4; lastKnownFileType = sourcecode.c.h; name = WFIGMedia.h; path = ../WFInstagramAPI/WFInstagramAPI/WFIGMedia.h; sourceTree = "<group>"; };
		2320A6EE16A868AC00194A8F /* WFIGMediaCollection.h */ = {isa = PBXFileReference; fileEncoding = 4; lastKnownFileType = sourcecode.c.h; name = WFIGMediaCollection.h; path = ../WFInstagramAPI/WFInstagramAPI/WFIGMediaCollection.h; sourceTree = "<group>"; };
		2320A6EF16A868AC00194A8F /* WFIGUser.h */ = {isa = PBXFileReference; fileEncoding = 4; lastKnownFileType = sourcecode.c.h; name = WFIGUser.h; path = ../WFInstagramAPI/WFInstagramAPI/WFIGUser.h; sourceTree = "<group>"; };
		2320A6F016A868AC00194A8F /* WFIGComment.h */ = {isa = PBXFileReference; fileEncoding = 4; lastKnownFileType = sourcecode.c.h; name = WFIGComment.h; path = ../WFInstagramAPI/WFInstagramAPI/WFIGComment.h; sourceTree = "<group>"; };
		2320A6F516A868D700194A8F /* WFIGAuthController.h */ = {isa = PBXFileReference; fileEncoding = 4; lastKnownFileType = sourcecode.c.h; name = WFIGAuthController.h; path = ../WFInstagramAPI/WFInstagramAPI/WFIGAuthController.h; sourceTree = "<group>"; };
		2320A6F616A868D700194A8F /* WFIGAuthDefaultInitialView.h */ = {isa = PBXFileReference; fileEncoding = 4; lastKnownFileType = sourcecode.c.h; name = WFIGAuthDefaultInitialView.h; path = ../WFInstagramAPI/WFInstagramAPI/WFIGAuthDefaultInitialView.h; sourceTree = "<group>"; };
		2320A6F716A868D700194A8F /* WFIGFunctions.h */ = {isa = PBXFileReference; fileEncoding = 4; lastKnownFileType = sourcecode.c.h; name = WFIGFunctions.h; path = ../WFInstagramAPI/WFInstagramAPI/WFIGFunctions.h; sourceTree = "<group>"; };
		2320A70E16A8759100194A8F /* libTestFlight.a */ = {isa = PBXFileReference; lastKnownFileType = archive.ar; path = libTestFlight.a; sourceTree = "<group>"; };
		2320A70F16A8759100194A8F /* README.md */ = {isa = PBXFileReference; fileEncoding = 4; lastKnownFileType = text; path = README.md; sourceTree = "<group>"; };
		2320A71016A8759100194A8F /* release_notes.md */ = {isa = PBXFileReference; fileEncoding = 4; lastKnownFileType = text; path = release_notes.md; sourceTree = "<group>"; };
		2320A71116A8759100194A8F /* TestFlight.h */ = {isa = PBXFileReference; fileEncoding = 4; lastKnownFileType = sourcecode.c.h; path = TestFlight.h; sourceTree = "<group>"; };
		23230BD216AFB49400396670 /* Gotham-Medium.otf */ = {isa = PBXFileReference; lastKnownFileType = file; path = "Gotham-Medium.otf"; sourceTree = "<group>"; };
		23230BD416AFBD0100396670 /* caragram-logo.png */ = {isa = PBXFileReference; lastKnownFileType = image.png; path = "caragram-logo.png"; sourceTree = "<group>"; };
		23230BD516AFBD0100396670 /* caragram-logo@2x.png */ = {isa = PBXFileReference; lastKnownFileType = image.png; path = "caragram-logo@2x.png"; sourceTree = "<group>"; };
		23230BD816B05D4100396670 /* btn-popular-media-depressed.png */ = {isa = PBXFileReference; lastKnownFileType = image.png; path = "btn-popular-media-depressed.png"; sourceTree = "<group>"; };
		23230BD916B05D4100396670 /* btn-popular-media-depressed@2x.png */ = {isa = PBXFileReference; lastKnownFileType = image.png; path = "btn-popular-media-depressed@2x.png"; sourceTree = "<group>"; };
		23230BDC16B05D5900396670 /* btn-popular-media.png */ = {isa = PBXFileReference; lastKnownFileType = image.png; path = "btn-popular-media.png"; sourceTree = "<group>"; };
		23230BDD16B05D5900396670 /* btn-popular-media@2x.png */ = {isa = PBXFileReference; lastKnownFileType = image.png; path = "btn-popular-media@2x.png"; sourceTree = "<group>"; };
		23230BE016B05D6800396670 /* btn-user-feed-depressed.png */ = {isa = PBXFileReference; lastKnownFileType = image.png; path = "btn-user-feed-depressed.png"; sourceTree = "<group>"; };
		23230BE116B05D6800396670 /* btn-user-feed-depressed@2x.png */ = {isa = PBXFileReference; lastKnownFileType = image.png; path = "btn-user-feed-depressed@2x.png"; sourceTree = "<group>"; };
		23230BE216B05D6800396670 /* btn-user-feed.png */ = {isa = PBXFileReference; lastKnownFileType = image.png; path = "btn-user-feed.png"; sourceTree = "<group>"; };
		23230BE316B05D6800396670 /* btn-user-feed@2x.png */ = {isa = PBXFileReference; lastKnownFileType = image.png; path = "btn-user-feed@2x.png"; sourceTree = "<group>"; };
		2337EAE515F47A44002A057A /* refresh-bg.jpg */ = {isa = PBXFileReference; lastKnownFileType = image.jpeg; path = "refresh-bg.jpg"; sourceTree = "<group>"; };
		2337EAE615F47A44002A057A /* refresh-bg@2x.jpg */ = {isa = PBXFileReference; lastKnownFileType = image.jpeg; path = "refresh-bg@2x.jpg"; sourceTree = "<group>"; };
		2337EAED15F480B2002A057A /* icon-refresh.png */ = {isa = PBXFileReference; lastKnownFileType = image.png; path = "icon-refresh.png"; sourceTree = "<group>"; };
		2337EAEE15F480B2002A057A /* icon-refresh@2x.png */ = {isa = PBXFileReference; lastKnownFileType = image.png; path = "icon-refresh@2x.png"; sourceTree = "<group>"; };
		2337EAF115F480DA002A057A /* icon-comments.png */ = {isa = PBXFileReference; lastKnownFileType = image.png; path = "icon-comments.png"; sourceTree = "<group>"; };
		2337EAF215F480DA002A057A /* icon-comments@2x.png */ = {isa = PBXFileReference; lastKnownFileType = image.png; path = "icon-comments@2x.png"; sourceTree = "<group>"; };
		2337EAF315F480DA002A057A /* icon-likes.png */ = {isa = PBXFileReference; lastKnownFileType = image.png; path = "icon-likes.png"; sourceTree = "<group>"; };
		2337EAF415F480DA002A057A /* icon-likes@2x.png */ = {isa = PBXFileReference; lastKnownFileType = image.png; path = "icon-likes@2x.png"; sourceTree = "<group>"; };
		2354EAAD16D68F4C008369D0 /* btn-share-selected.png */ = {isa = PBXFileReference; lastKnownFileType = image.png; path = "btn-share-selected.png"; sourceTree = "<group>"; };
		2354EAAE16D68F4C008369D0 /* btn-share-selected@2x.png */ = {isa = PBXFileReference; lastKnownFileType = image.png; path = "btn-share-selected@2x.png"; sourceTree = "<group>"; };
		2354EAAF16D68F4C008369D0 /* btn-share.png */ = {isa = PBXFileReference; lastKnownFileType = image.png; path = "btn-share.png"; sourceTree = "<group>"; };
		2354EAB016D68F4C008369D0 /* btn-share@2x.png */ = {isa = PBXFileReference; lastKnownFileType = image.png; path = "btn-share@2x.png"; sourceTree = "<group>"; };
		2354EAB816D6BE98008369D0 /* CRGNewCommentViewController.h */ = {isa = PBXFileReference; fileEncoding = 4; lastKnownFileType = sourcecode.c.h; path = CRGNewCommentViewController.h; sourceTree = "<group>"; };
		2354EAB916D6BE98008369D0 /* CRGNewCommentViewController.m */ = {isa = PBXFileReference; fileEncoding = 4; lastKnownFileType = sourcecode.c.objc; path = CRGNewCommentViewController.m; sourceTree = "<group>"; };
		236BDBA315E7517B00020CE8 /* APIClient.plist */ = {isa = PBXFileReference; fileEncoding = 4; lastKnownFileType = text.plist.xml; path = APIClient.plist; sourceTree = "<group>"; };
		237EF16016AF641E00AC5615 /* title-bar-bg-tile.png */ = {isa = PBXFileReference; lastKnownFileType = image.png; path = "title-bar-bg-tile.png"; sourceTree = "<group>"; };
		237EF16116AF641E00AC5615 /* title-bar-bg-tile@2x.png */ = {isa = PBXFileReference; lastKnownFileType = image.png; path = "title-bar-bg-tile@2x.png"; sourceTree = "<group>"; };
		238426A415EEE1CB0077DDF8 /* progress-bg.png */ = {isa = PBXFileReference; lastKnownFileType = image.png; path = "progress-bg.png"; sourceTree = "<group>"; };
		238426A515EEE1CB0077DDF8 /* progress-bg@2x.png */ = {isa = PBXFileReference; lastKnownFileType = image.png; path = "progress-bg@2x.png"; sourceTree = "<group>"; };
		238426B715EF016C0077DDF8 /* CRGClipView.h */ = {isa = PBXFileReference; lastKnownFileType = sourcecode.c.h; path = CRGClipView.h; sourceTree = "<group>"; };
		238426B815EF016C0077DDF8 /* CRGClipView.m */ = {isa = PBXFileReference; lastKnownFileType = sourcecode.c.objc; path = CRGClipView.m; sourceTree = "<group>"; };
		238426C415EF2D330077DDF8 /* CRGSlideViewController.h */ = {isa = PBXFileReference; fileEncoding = 4; lastKnownFileType = sourcecode.c.h; path = CRGSlideViewController.h; sourceTree = "<group>"; };
		238426C515EF2D330077DDF8 /* CRGSlideViewController.m */ = {isa = PBXFileReference; fileEncoding = 4; lastKnownFileType = sourcecode.c.objc; path = CRGSlideViewController.m; sourceTree = "<group>"; };
		238A5D6316ADF3E200CAA6C1 /* CRGTagSearchViewController.h */ = {isa = PBXFileReference; fileEncoding = 4; lastKnownFileType = sourcecode.c.h; path = CRGTagSearchViewController.h; sourceTree = "<group>"; };
		238A5D6416ADF3E200CAA6C1 /* CRGTagSearchViewController.m */ = {isa = PBXFileReference; fileEncoding = 4; lastKnownFileType = sourcecode.c.objc; path = CRGTagSearchViewController.m; sourceTree = "<group>"; };
		238A5D6616AE16EE00CAA6C1 /* CRGMainViewController.h */ = {isa = PBXFileReference; fileEncoding = 4; lastKnownFileType = sourcecode.c.h; path = CRGMainViewController.h; sourceTree = "<group>"; };
		238A5D6716AE16EE00CAA6C1 /* CRGMainViewController.m */ = {isa = PBXFileReference; fileEncoding = 4; lastKnownFileType = sourcecode.c.objc; path = CRGMainViewController.m; sourceTree = "<group>"; };
		238FF21615E8A533004D3356 /* CRGAuthController.h */ = {isa = PBXFileReference; fileEncoding = 4; lastKnownFileType = sourcecode.c.h; path = CRGAuthController.h; sourceTree = "<group>"; };
		238FF21715E8A533004D3356 /* CRGAuthController.m */ = {isa = PBXFileReference; fileEncoding = 4; lastKnownFileType = sourcecode.c.objc; path = CRGAuthController.m; sourceTree = "<group>"; };
		23A49E4515E444FE00038FCA /* CRGPopularMediaViewController.h */ = {isa = PBXFileReference; fileEncoding = 4; lastKnownFileType = sourcecode.c.h; path = CRGPopularMediaViewController.h; sourceTree = "<group>"; };
		23A49E4615E444FE00038FCA /* CRGPopularMediaViewController.m */ = {isa = PBXFileReference; fileEncoding = 4; lastKnownFileType = sourcecode.c.objc; path = CRGPopularMediaViewController.m; sourceTree = "<group>"; };
		23E83C4416D53E8200D32B3D /* details-header-bg.png */ = {isa = PBXFileReference; lastKnownFileType = image.png; path = "details-header-bg.png"; sourceTree = "<group>"; };
		23E83C4516D53E8200D32B3D /* details-header-bg@2x.png */ = {isa = PBXFileReference; lastKnownFileType = image.png; path = "details-header-bg@2x.png"; sourceTree = "<group>"; };
		23E83C4A16D5470800D32B3D /* details-bg-tile.png */ = {isa = PBXFileReference; lastKnownFileType = image.png; path = "details-bg-tile.png"; sourceTree = "<group>"; };
		23E83C4B16D5470800D32B3D /* details-bg-tile@2x.png */ = {isa = PBXFileReference; lastKnownFileType = image.png; path = "details-bg-tile@2x.png"; sourceTree = "<group>"; };
		23F9DDA215F04930002A62F7 /* connect-background.jpg */ = {isa = PBXFileReference; lastKnownFileType = image.jpeg; path = "connect-background.jpg"; sourceTree = "<group>"; };
		23F9DDA315F04930002A62F7 /* connect-background@2x.jpg */ = {isa = PBXFileReference; lastKnownFileType = image.jpeg; path = "connect-background@2x.jpg"; sourceTree = "<group>"; };
		23FC575415F0195E002304D9 /* libz.dylib */ = {isa = PBXFileReference; lastKnownFileType = "compiled.mach-o.dylib"; name = libz.dylib; path = usr/lib/libz.dylib; sourceTree = SDKROOT; };
		666EFF8615CB369500CA30B7 /* Carogram.app */ = {isa = PBXFileReference; explicitFileType = wrapper.application; includeInIndex = 0; path = Carogram.app; sourceTree = BUILT_PRODUCTS_DIR; };
		666EFF8A15CB369500CA30B7 /* UIKit.framework */ = {isa = PBXFileReference; lastKnownFileType = wrapper.framework; name = UIKit.framework; path = System/Library/Frameworks/UIKit.framework; sourceTree = SDKROOT; };
		666EFF8C15CB369500CA30B7 /* Foundation.framework */ = {isa = PBXFileReference; lastKnownFileType = wrapper.framework; name = Foundation.framework; path = System/Library/Frameworks/Foundation.framework; sourceTree = SDKROOT; };
		666EFF8E15CB369500CA30B7 /* CoreGraphics.framework */ = {isa = PBXFileReference; lastKnownFileType = wrapper.framework; name = CoreGraphics.framework; path = System/Library/Frameworks/CoreGraphics.framework; sourceTree = SDKROOT; };
		666EFF9215CB369500CA30B7 /* Carogram-Info.plist */ = {isa = PBXFileReference; lastKnownFileType = text.plist.xml; path = "Carogram-Info.plist"; sourceTree = "<group>"; };
		666EFF9415CB369500CA30B7 /* en */ = {isa = PBXFileReference; lastKnownFileType = text.plist.strings; name = en; path = en.lproj/InfoPlist.strings; sourceTree = "<group>"; };
		666EFF9615CB369500CA30B7 /* main.m */ = {isa = PBXFileReference; lastKnownFileType = sourcecode.c.objc; path = main.m; sourceTree = "<group>"; };
		666EFF9815CB369500CA30B7 /* Carogram-Prefix.pch */ = {isa = PBXFileReference; lastKnownFileType = sourcecode.c.h; path = "Carogram-Prefix.pch"; sourceTree = "<group>"; };
		666EFF9915CB369500CA30B7 /* CRGAppDelegate.h */ = {isa = PBXFileReference; lastKnownFileType = sourcecode.c.h; path = CRGAppDelegate.h; sourceTree = "<group>"; };
		666EFF9A15CB369500CA30B7 /* CRGAppDelegate.m */ = {isa = PBXFileReference; lastKnownFileType = sourcecode.c.objc; path = CRGAppDelegate.m; sourceTree = "<group>"; };
		666EFF9D15CB369500CA30B7 /* en */ = {isa = PBXFileReference; lastKnownFileType = file.storyboard; name = en; path = en.lproj/MainStoryboard.storyboard; sourceTree = "<group>"; };
		66DCDADB15DC5B2100E4B966 /* Default-Landscape~ipad.png */ = {isa = PBXFileReference; lastKnownFileType = image.png; name = "Default-Landscape~ipad.png"; path = "../../Default-Landscape~ipad.png"; sourceTree = "<group>"; };
		66DCDADD15DC5C0B00E4B966 /* Default-Landscape@2x~ipad.png */ = {isa = PBXFileReference; lastKnownFileType = image.png; name = "Default-Landscape@2x~ipad.png"; path = "../../Default-Landscape@2x~ipad.png"; sourceTree = "<group>"; };
		66DCDADF15DC5C4D00E4B966 /* Default-Landscape~ipad.png */ = {isa = PBXFileReference; lastKnownFileType = image.png; name = "Default-Landscape~ipad.png"; path = "../../Default-Landscape~ipad.png"; sourceTree = "<group>"; };
		66DCDAE415DC5F9900E4B966 /* launch.png */ = {isa = PBXFileReference; lastKnownFileType = image.png; path = launch.png; sourceTree = "<group>"; };
		66DCDAE515DC5F9900E4B966 /* launch@2x.png */ = {isa = PBXFileReference; lastKnownFileType = image.png; path = "launch@2x.png"; sourceTree = "<group>"; };
		66DCDAEA15DC608D00E4B966 /* btn-connect.png */ = {isa = PBXFileReference; lastKnownFileType = image.png; path = "btn-connect.png"; sourceTree = "<group>"; };
		66DCDAEB15DC608D00E4B966 /* btn-connect@2x.png */ = {isa = PBXFileReference; lastKnownFileType = image.png; path = "btn-connect@2x.png"; sourceTree = "<group>"; };
/* End PBXFileReference section */

/* Begin PBXFrameworksBuildPhase section */
		666EFF8315CB369500CA30B7 /* Frameworks */ = {
			isa = PBXFrameworksBuildPhase;
			buildActionMask = 2147483647;
			files = (
				2320A6DB16A7DBA700194A8F /* libWFInstagramAPI.a in Frameworks */,
				23FC575515F0195E002304D9 /* libz.dylib in Frameworks */,
				2303559A15EA0EB000C80D31 /* QuartzCore.framework in Frameworks */,
				666EFF8B15CB369500CA30B7 /* UIKit.framework in Frameworks */,
				666EFF8D15CB369500CA30B7 /* Foundation.framework in Frameworks */,
				666EFF8F15CB369500CA30B7 /* CoreGraphics.framework in Frameworks */,
				2320A71216A8759100194A8F /* libTestFlight.a in Frameworks */,
			);
			runOnlyForDeploymentPostprocessing = 0;
		};
/* End PBXFrameworksBuildPhase section */

/* Begin PBXGroup section */
		230355E915EC84AF00C80D31 /* TableCells */ = {
			isa = PBXGroup;
			children = (
				2314F7E315F7EBA300445BDE /* CRGCommentCell.h */,
				2314F7E415F7EBA300445BDE /* CRGCommentCell.m */,
				2314F7E615F7FD3E00445BDE /* CRGCommentCell.xib */,
				230355EA15EC854B00C80D31 /* CRGImageGridViewCell.h */,
				230355EB15EC854B00C80D31 /* CRGImageGridViewCell.m */,
			);
			name = TableCells;
			sourceTree = "<group>";
		};
		230BF2D115E8286E005DB8A0 /* Extensions */ = {
			isa = PBXGroup;
			children = (
				230BF2D215E828B8005DB8A0 /* NSURL+WillFleming.h */,
				230BF2D315E828B8005DB8A0 /* NSURL+WillFleming.m */,
			);
			name = Extensions;
			sourceTree = "<group>";
		};
		231082B915E5FB49008D3F70 /* Views */ = {
			isa = PBXGroup;
			children = (
				238426B715EF016C0077DDF8 /* CRGClipView.h */,
				238426B815EF016C0077DDF8 /* CRGClipView.m */,
				230355E915EC84AF00C80D31 /* TableCells */,
				230BF2D515E83BB9005DB8A0 /* CRGLoginView.h */,
				230BF2D615E83BB9005DB8A0 /* CRGLoginView.m */,
			);
			name = Views;
			sourceTree = "<group>";
		};
		2314F81315FF130A00445BDE /* Delegates */ = {
			isa = PBXGroup;
			children = (
				2314F7B615F6B83300445BDE /* CRGMediaSelectorDelegate.h */,
			);
			name = Delegates;
			sourceTree = "<group>";
		};
		2320A6D016A7DB8D00194A8F /* Products */ = {
			isa = PBXGroup;
			children = (
				2320A6D816A7DB8D00194A8F /* libWFInstagramAPI.a */,
				2320A6DA16A7DB8D00194A8F /* WFInstagramAPITests.octest */,
			);
			name = Products;
			sourceTree = "<group>";
		};
		2320A6DC16A8683F00194A8F /* Dependent Headers */ = {
			isa = PBXGroup;
			children = (
				2320A6F516A868D700194A8F /* WFIGAuthController.h */,
				2320A6F616A868D700194A8F /* WFIGAuthDefaultInitialView.h */,
				2320A6F716A868D700194A8F /* WFIGFunctions.h */,
				2320A6ED16A868AC00194A8F /* WFIGMedia.h */,
				2320A6EE16A868AC00194A8F /* WFIGMediaCollection.h */,
				2320A6EF16A868AC00194A8F /* WFIGUser.h */,
				2320A6F016A868AC00194A8F /* WFIGComment.h */,
				2320A6DF16A8689300194A8F /* WFIGConnection.h */,
				2320A6E016A8689300194A8F /* WFIGConnectionDelegate.h */,
				2320A6E116A8689300194A8F /* WFIGResponse.h */,
				2320A6E216A8689300194A8F /* WFIGDefaultSerializer.h */,
				2320A6E316A8689300194A8F /* WFIGCJSONSerializer.h */,
				2320A6E416A8689300194A8F /* WFIGImageCache.h */,
				2320A6E516A8689300194A8F /* WFIGMedia.h */,
				2320A6DD16A8685E00194A8F /* WFInstagramAPI.h */,
			);
			name = "Dependent Headers";
			sourceTree = "<group>";
		};
		2320A70D16A8759100194A8F /* TestFlightSDK1.1 */ = {
			isa = PBXGroup;
			children = (
				2320A70E16A8759100194A8F /* libTestFlight.a */,
				2320A70F16A8759100194A8F /* README.md */,
				2320A71016A8759100194A8F /* release_notes.md */,
				2320A71116A8759100194A8F /* TestFlight.h */,
			);
			path = TestFlightSDK1.1;
			sourceTree = "<group>";
		};
		23230BD116AFB49400396670 /* Fonts */ = {
			isa = PBXGroup;
			children = (
				23230BD216AFB49400396670 /* Gotham-Medium.otf */,
			);
			path = Fonts;
			sourceTree = SOURCE_ROOT;
		};
		23A49E4415E4449C00038FCA /* Controllers */ = {
			isa = PBXGroup;
			children = (
				238FF21615E8A533004D3356 /* CRGAuthController.h */,
				238FF21715E8A533004D3356 /* CRGAuthController.m */,
				2314F7B315F5DD8200445BDE /* CRGDetailsViewController.h */,
				2314F7B415F5DD8200445BDE /* CRGDetailsViewController.m */,
				230355E015EC241000C80D31 /* CRGGridViewController.h */,
				230355E115EC241000C80D31 /* CRGGridViewController.m */,
				238A5D6616AE16EE00CAA6C1 /* CRGMainViewController.h */,
				238A5D6716AE16EE00CAA6C1 /* CRGMainViewController.m */,
				231082C215E5FEC8008D3F70 /* CRGMediaViewController.h */,
				231082C315E5FEC8008D3F70 /* CRGMediaViewController.m */,
				2314F80D15FE92CA00445BDE /* CRGPagingGridViewController.h */,
				2314F80E15FE92CA00445BDE /* CRGPagingGridViewController.m */,
				2314F81015FEAE8700445BDE /* CRGPagingMediaViewController.h */,
				2314F81115FEAE8800445BDE /* CRGPagingMediaViewController.m */,
				2314F80A15FE6D2600445BDE /* CRGPagingSlideViewController.h */,
				2314F80B15FE6D2600445BDE /* CRGPagingSlideViewController.m */,
				23A49E4515E444FE00038FCA /* CRGPopularMediaViewController.h */,
				23A49E4615E444FE00038FCA /* CRGPopularMediaViewController.m */,
				238426C415EF2D330077DDF8 /* CRGSlideViewController.h */,
				238426C515EF2D330077DDF8 /* CRGSlideViewController.m */,
				238A5D6316ADF3E200CAA6C1 /* CRGTagSearchViewController.h */,
				238A5D6416ADF3E200CAA6C1 /* CRGTagSearchViewController.m */,
				230B1EFB15EE986F00A00058 /* CRGUserFeedViewController.h */,
				230B1EFC15EE986F00A00058 /* CRGUserFeedViewController.m */,
				2354EAB816D6BE98008369D0 /* CRGNewCommentViewController.h */,
				2354EAB916D6BE98008369D0 /* CRGNewCommentViewController.m */,
			);
			name = Controllers;
			sourceTree = "<group>";
		};
		23FC574B15F01903002304D9 /* Libraries */ = {
			isa = PBXGroup;
			children = (
				2320A70D16A8759100194A8F /* TestFlightSDK1.1 */,
			);
			name = Libraries;
			sourceTree = "<group>";
		};
		666EFF7B15CB369500CA30B7 = {
			isa = PBXGroup;
			children = (
				666EFF9015CB369500CA30B7 /* Carogram */,
				666EFF8915CB369500CA30B7 /* Frameworks */,
				23FC574B15F01903002304D9 /* Libraries */,
				666EFF8715CB369500CA30B7 /* Products */,
			);
			sourceTree = "<group>";
		};
		666EFF8715CB369500CA30B7 /* Products */ = {
			isa = PBXGroup;
			children = (
				666EFF8615CB369500CA30B7 /* Carogram.app */,
			);
			name = Products;
			sourceTree = "<group>";
		};
		666EFF8915CB369500CA30B7 /* Frameworks */ = {
			isa = PBXGroup;
			children = (
				666EFF8E15CB369500CA30B7 /* CoreGraphics.framework */,
				666EFF8C15CB369500CA30B7 /* Foundation.framework */,
				23FC575415F0195E002304D9 /* libz.dylib */,
				2303559915EA0EB000C80D31 /* QuartzCore.framework */,
				666EFF8A15CB369500CA30B7 /* UIKit.framework */,
				2320A6CF16A7DB8D00194A8F /* WFInstagramAPI.xcodeproj */,
			);
			name = Frameworks;
			sourceTree = "<group>";
		};
		666EFF9015CB369500CA30B7 /* Carogram */ = {
			isa = PBXGroup;
			children = (
				2320A6DC16A8683F00194A8F /* Dependent Headers */,
				666EFF9915CB369500CA30B7 /* CRGAppDelegate.h */,
				666EFF9A15CB369500CA30B7 /* CRGAppDelegate.m */,
				23A49E4415E4449C00038FCA /* Controllers */,
				2314F81315FF130A00445BDE /* Delegates */,
				230BF2D115E8286E005DB8A0 /* Extensions */,
				66DCDAE115DC5F9900E4B966 /* Images */,
				666EFF9C15CB369500CA30B7 /* MainStoryboard.storyboard */,
				666EFF9115CB369500CA30B7 /* Supporting Files */,
				231082B915E5FB49008D3F70 /* Views */,
			);
			path = Carogram;
			sourceTree = "<group>";
		};
		666EFF9115CB369500CA30B7 /* Supporting Files */ = {
			isa = PBXGroup;
			children = (
				236BDBA315E7517B00020CE8 /* APIClient.plist */,
				666EFF9215CB369500CA30B7 /* Carogram-Info.plist */,
				666EFF9815CB369500CA30B7 /* Carogram-Prefix.pch */,
				23230BD116AFB49400396670 /* Fonts */,
				666EFF9315CB369500CA30B7 /* InfoPlist.strings */,
				666EFF9615CB369500CA30B7 /* main.m */,
			);
			name = "Supporting Files";
			sourceTree = "<group>";
		};
		66DCDAE115DC5F9900E4B966 /* Images */ = {
			isa = PBXGroup;
			children = (
				231F5A8C15E6124B00D85115 /* bg.png */,
				231F5A8D15E6124B00D85115 /* bg@2x.png */,
				2314F7BF15F73AA200445BDE /* btn-close.png */,
				2314F7C015F73AA200445BDE /* btn-close@2x.png */,
				2314F7CB15F7E2CF00445BDE /* btn-comment-selected.png */,
				2314F7CC15F7E2CF00445BDE /* btn-comment-selected@2x.png */,
				2314F7CD15F7E2CF00445BDE /* btn-comment.png */,
				2314F7CE15F7E2CF00445BDE /* btn-comment@2x.png */,
				66DCDAEA15DC608D00E4B966 /* btn-connect.png */,
				66DCDAEB15DC608D00E4B966 /* btn-connect@2x.png */,
				2314F7D315F7E2EC00445BDE /* btn-like-selected.png */,
				2314F7D415F7E2EC00445BDE /* btn-like-selected@2x.png */,
				2314F7D515F7E2EC00445BDE /* btn-like.png */,
				2314F7D615F7E2EC00445BDE /* btn-like@2x.png */,
				23230BD816B05D4100396670 /* btn-popular-media-depressed.png */,
				23230BD916B05D4100396670 /* btn-popular-media-depressed@2x.png */,
				23230BDC16B05D5900396670 /* btn-popular-media.png */,
				23230BDD16B05D5900396670 /* btn-popular-media@2x.png */,
				2354EAAD16D68F4C008369D0 /* btn-share-selected.png */,
				2354EAAE16D68F4C008369D0 /* btn-share-selected@2x.png */,
				2354EAAF16D68F4C008369D0 /* btn-share.png */,
				2354EAB016D68F4C008369D0 /* btn-share@2x.png */,
				231CDA1116D7F02D00ADD0A7 /* btn-submit.png */,
				231CDA1216D7F02D00ADD0A7 /* btn-submit@2x.png */,
				23230BE016B05D6800396670 /* btn-user-feed-depressed.png */,
				23230BE116B05D6800396670 /* btn-user-feed-depressed@2x.png */,
				23230BE216B05D6800396670 /* btn-user-feed.png */,
				23230BE316B05D6800396670 /* btn-user-feed@2x.png */,
				23230BD416AFBD0100396670 /* caragram-logo.png */,
				23230BD516AFBD0100396670 /* caragram-logo@2x.png */,
				2314F7E815F802F900445BDE /* comment-cell-bg.png */,
				2314F7E915F802F900445BDE /* comment-cell-bg@2x.png */,
				23F9DDA215F04930002A62F7 /* connect-background.jpg */,
				23F9DDA315F04930002A62F7 /* connect-background@2x.jpg */,
				66DCDADF15DC5C4D00E4B966 /* Default-Landscape~ipad.png */,
				66DCDADD15DC5C0B00E4B966 /* Default-Landscape@2x~ipad.png */,
				66DCDADB15DC5B2100E4B966 /* Default-Landscape~ipad.png */,
				23E83C4A16D5470800D32B3D /* details-bg-tile.png */,
				23E83C4B16D5470800D32B3D /* details-bg-tile@2x.png */,
				2314F7B715F7361C00445BDE /* details-buttons-bg.png */,
				2314F7B815F7361C00445BDE /* details-buttons-bg@2x.png */,
				23E83C4416D53E8200D32B3D /* details-header-bg.png */,
				23E83C4516D53E8200D32B3D /* details-header-bg@2x.png */,
				2337EAF115F480DA002A057A /* icon-comments.png */,
				2337EAF215F480DA002A057A /* icon-comments@2x.png */,
				2337EAF315F480DA002A057A /* icon-likes.png */,
				2337EAF415F480DA002A057A /* icon-likes@2x.png */,
				2337EAED15F480B2002A057A /* icon-refresh.png */,
				2337EAEE15F480B2002A057A /* icon-refresh@2x.png */,
				66DCDAE415DC5F9900E4B966 /* launch.png */,
				66DCDAE515DC5F9900E4B966 /* launch@2x.png */,
				238426A415EEE1CB0077DDF8 /* progress-bg.png */,
				238426A515EEE1CB0077DDF8 /* progress-bg@2x.png */,
				2337EAE515F47A44002A057A /* refresh-bg.jpg */,
				2337EAE615F47A44002A057A /* refresh-bg@2x.jpg */,
				231F5A9115E6175A00D85115 /* search-bg.png */,
				231F5A9215E6175A00D85115 /* search-bg@2x.png */,
				231F5A9915E61A5F00D85115 /* search-icon.png */,
				231F5A9615E619F500D85115 /* search-icon@2x.png */,
				237EF16016AF641E00AC5615 /* title-bar-bg-tile.png */,
				237EF16116AF641E00AC5615 /* title-bar-bg-tile@2x.png */,
				231082BA15E5FB9B008D3F70 /* title-bar-bg.png */,
				231082BB15E5FB9B008D3F70 /* title-bar-bg@2x.png */,
			);
			path = Images;
			sourceTree = "<group>";
		};
/* End PBXGroup section */

/* Begin PBXNativeTarget section */
		666EFF8515CB369500CA30B7 /* Carogram */ = {
			isa = PBXNativeTarget;
			buildConfigurationList = 666EFFA415CB369500CA30B7 /* Build configuration list for PBXNativeTarget "Carogram" */;
			buildPhases = (
				666EFF8215CB369500CA30B7 /* Sources */,
				666EFF8315CB369500CA30B7 /* Frameworks */,
				666EFF8415CB369500CA30B7 /* Resources */,
			);
			buildRules = (
			);
			dependencies = (
			);
			name = Carogram;
			productName = Carogram;
			productReference = 666EFF8615CB369500CA30B7 /* Carogram.app */;
			productType = "com.apple.product-type.application";
		};
/* End PBXNativeTarget section */

/* Begin PBXProject section */
		666EFF7D15CB369500CA30B7 /* Project object */ = {
			isa = PBXProject;
			attributes = {
				CLASSPREFIX = CRG;
				LastUpgradeCheck = 0450;
				ORGANIZATIONNAME = "Xhatch Interactive, LLC";
			};
			buildConfigurationList = 666EFF8015CB369500CA30B7 /* Build configuration list for PBXProject "Carogram" */;
			compatibilityVersion = "Xcode 3.2";
			developmentRegion = English;
			hasScannedForEncodings = 0;
			knownRegions = (
				en,
			);
			mainGroup = 666EFF7B15CB369500CA30B7;
			productRefGroup = 666EFF8715CB369500CA30B7 /* Products */;
			projectDirPath = "";
			projectReferences = (
				{
					ProductGroup = 2320A6D016A7DB8D00194A8F /* Products */;
					ProjectRef = 2320A6CF16A7DB8D00194A8F /* WFInstagramAPI.xcodeproj */;
				},
			);
			projectRoot = "";
			targets = (
				666EFF8515CB369500CA30B7 /* Carogram */,
			);
		};
/* End PBXProject section */

/* Begin PBXReferenceProxy section */
		2320A6D816A7DB8D00194A8F /* libWFInstagramAPI.a */ = {
			isa = PBXReferenceProxy;
			fileType = archive.ar;
			path = libWFInstagramAPI.a;
			remoteRef = 2320A6D716A7DB8D00194A8F /* PBXContainerItemProxy */;
			sourceTree = BUILT_PRODUCTS_DIR;
		};
		2320A6DA16A7DB8D00194A8F /* WFInstagramAPITests.octest */ = {
			isa = PBXReferenceProxy;
			fileType = wrapper.cfbundle;
			path = WFInstagramAPITests.octest;
			remoteRef = 2320A6D916A7DB8D00194A8F /* PBXContainerItemProxy */;
			sourceTree = BUILT_PRODUCTS_DIR;
		};
/* End PBXReferenceProxy section */

/* Begin PBXResourcesBuildPhase section */
		666EFF8415CB369500CA30B7 /* Resources */ = {
			isa = PBXResourcesBuildPhase;
			buildActionMask = 2147483647;
			files = (
				666EFF9515CB369500CA30B7 /* InfoPlist.strings in Resources */,
				666EFF9E15CB369500CA30B7 /* MainStoryboard.storyboard in Resources */,
				66DCDADE15DC5C0B00E4B966 /* Default-Landscape@2x~ipad.png in Resources */,
				66DCDAE015DC5C4D00E4B966 /* Default-Landscape~ipad.png in Resources */,
				66DCDAE815DC5F9900E4B966 /* launch.png in Resources */,
				66DCDAE915DC5F9900E4B966 /* launch@2x.png in Resources */,
				66DCDAEC15DC608D00E4B966 /* btn-connect.png in Resources */,
				66DCDAED15DC608D00E4B966 /* btn-connect@2x.png in Resources */,
				231082BC15E5FB9B008D3F70 /* title-bar-bg.png in Resources */,
				231082BD15E5FB9B008D3F70 /* title-bar-bg@2x.png in Resources */,
				231F5A8E15E6124B00D85115 /* bg.png in Resources */,
				231F5A8F15E6124B00D85115 /* bg@2x.png in Resources */,
				231F5A9315E6175A00D85115 /* search-bg.png in Resources */,
				231F5A9415E6175A00D85115 /* search-bg@2x.png in Resources */,
				231F5A9815E619F500D85115 /* search-icon@2x.png in Resources */,
				231F5A9A15E61A5F00D85115 /* search-icon.png in Resources */,
				236BDBA415E7517B00020CE8 /* APIClient.plist in Resources */,
				238426A615EEE1CB0077DDF8 /* progress-bg.png in Resources */,
				238426A715EEE1CB0077DDF8 /* progress-bg@2x.png in Resources */,
				23F9DDA415F04930002A62F7 /* connect-background.jpg in Resources */,
				23F9DDA515F04930002A62F7 /* connect-background@2x.jpg in Resources */,
				2337EAE715F47A44002A057A /* refresh-bg.jpg in Resources */,
				2337EAE815F47A44002A057A /* refresh-bg@2x.jpg in Resources */,
				2337EAEF15F480B2002A057A /* icon-refresh.png in Resources */,
				2337EAF015F480B2002A057A /* icon-refresh@2x.png in Resources */,
				2337EAF515F480DA002A057A /* icon-comments.png in Resources */,
				2337EAF615F480DA002A057A /* icon-comments@2x.png in Resources */,
				2337EAF715F480DA002A057A /* icon-likes.png in Resources */,
				2337EAF815F480DA002A057A /* icon-likes@2x.png in Resources */,
				2314F7B915F7361C00445BDE /* details-buttons-bg.png in Resources */,
				2314F7BA15F7361C00445BDE /* details-buttons-bg@2x.png in Resources */,
				2314F7C115F73AA200445BDE /* btn-close.png in Resources */,
				2314F7C215F73AA200445BDE /* btn-close@2x.png in Resources */,
				2314F7CF15F7E2CF00445BDE /* btn-comment-selected.png in Resources */,
				2314F7D015F7E2CF00445BDE /* btn-comment-selected@2x.png in Resources */,
				2314F7D115F7E2CF00445BDE /* btn-comment.png in Resources */,
				2314F7D215F7E2CF00445BDE /* btn-comment@2x.png in Resources */,
				2314F7D715F7E2EC00445BDE /* btn-like-selected.png in Resources */,
				2314F7D815F7E2EC00445BDE /* btn-like-selected@2x.png in Resources */,
				2314F7D915F7E2EC00445BDE /* btn-like.png in Resources */,
				2314F7DA15F7E2EC00445BDE /* btn-like@2x.png in Resources */,
				2314F7E715F7FD3E00445BDE /* CRGCommentCell.xib in Resources */,
				2314F7EA15F802F900445BDE /* comment-cell-bg.png in Resources */,
				2314F7EB15F802F900445BDE /* comment-cell-bg@2x.png in Resources */,
				2320A6DE16A8686400194A8F /* WFInstagramAPI.h in Resources */,
				2320A6E616A8689300194A8F /* WFIGConnection.h in Resources */,
				2320A6E716A8689300194A8F /* WFIGConnectionDelegate.h in Resources */,
				2320A6E816A8689300194A8F /* WFIGResponse.h in Resources */,
				2320A6E916A8689300194A8F /* WFIGDefaultSerializer.h in Resources */,
				2320A6EA16A8689300194A8F /* WFIGCJSONSerializer.h in Resources */,
				2320A6EB16A8689300194A8F /* WFIGImageCache.h in Resources */,
				2320A6EC16A8689300194A8F /* WFIGMedia.h in Resources */,
				2320A6F216A868AC00194A8F /* WFIGMediaCollection.h in Resources */,
				2320A6F316A868AC00194A8F /* WFIGUser.h in Resources */,
				2320A6F416A868AC00194A8F /* WFIGComment.h in Resources */,
				2320A6F816A868D700194A8F /* WFIGAuthController.h in Resources */,
				2320A6F916A868D700194A8F /* WFIGAuthDefaultInitialView.h in Resources */,
				2320A6FA16A868D700194A8F /* WFIGFunctions.h in Resources */,
				2320A71316A8759100194A8F /* README.md in Resources */,
				2320A71416A8759100194A8F /* release_notes.md in Resources */,
				237EF16216AF641E00AC5615 /* title-bar-bg-tile.png in Resources */,
				237EF16316AF641E00AC5615 /* title-bar-bg-tile@2x.png in Resources */,
				23230BD316AFB49400396670 /* Gotham-Medium.otf in Resources */,
				23230BD616AFBD0100396670 /* caragram-logo.png in Resources */,
				23230BD716AFBD0100396670 /* caragram-logo@2x.png in Resources */,
				23230BDA16B05D4100396670 /* btn-popular-media-depressed.png in Resources */,
				23230BDB16B05D4100396670 /* btn-popular-media-depressed@2x.png in Resources */,
				23230BDE16B05D5900396670 /* btn-popular-media.png in Resources */,
				23230BDF16B05D5900396670 /* btn-popular-media@2x.png in Resources */,
				23230BE416B05D6800396670 /* btn-user-feed-depressed.png in Resources */,
				23230BE516B05D6800396670 /* btn-user-feed-depressed@2x.png in Resources */,
				23230BE616B05D6800396670 /* btn-user-feed.png in Resources */,
				23230BE716B05D6800396670 /* btn-user-feed@2x.png in Resources */,
				23E83C4616D53E8200D32B3D /* details-header-bg.png in Resources */,
				23E83C4716D53E8200D32B3D /* details-header-bg@2x.png in Resources */,
				23E83C4C16D5470800D32B3D /* details-bg-tile.png in Resources */,
				23E83C4D16D5470800D32B3D /* details-bg-tile@2x.png in Resources */,
				2354EAB116D68F4C008369D0 /* btn-share-selected.png in Resources */,
				2354EAB216D68F4C008369D0 /* btn-share-selected@2x.png in Resources */,
				2354EAB316D68F4C008369D0 /* btn-share.png in Resources */,
				2354EAB416D68F4C008369D0 /* btn-share@2x.png in Resources */,
				231CDA1316D7F02D00ADD0A7 /* btn-submit.png in Resources */,
				231CDA1416D7F02D00ADD0A7 /* btn-submit@2x.png in Resources */,
			);
			runOnlyForDeploymentPostprocessing = 0;
		};
/* End PBXResourcesBuildPhase section */

/* Begin PBXSourcesBuildPhase section */
		666EFF8215CB369500CA30B7 /* Sources */ = {
			isa = PBXSourcesBuildPhase;
			buildActionMask = 2147483647;
			files = (
				23B09F7115F04FAA00490AF9 /* CRGSlideViewController.m in Sources */,
				230BF2D415E83314005DB8A0 /* NSURL+WillFleming.m in Sources */,
				666EFF9715CB369500CA30B7 /* main.m in Sources */,
				666EFF9B15CB369500CA30B7 /* CRGAppDelegate.m in Sources */,
				23A49E4815E444FE00038FCA /* CRGPopularMediaViewController.m in Sources */,
				231082C415E5FEC8008D3F70 /* CRGMediaViewController.m in Sources */,
				230BF2D715E83BB9005DB8A0 /* CRGLoginView.m in Sources */,
				238FF21815E8A533004D3356 /* CRGAuthController.m in Sources */,
				230355E315EC241000C80D31 /* CRGGridViewController.m in Sources */,
				230355EC15EC854B00C80D31 /* CRGImageGridViewCell.m in Sources */,
				230B1EFD15EE986F00A00058 /* CRGUserFeedViewController.m in Sources */,
				238426C715EF31780077DDF8 /* CRGClipView.m in Sources */,
				2314F7B515F5DD8200445BDE /* CRGDetailsViewController.m in Sources */,
				2314F7E515F7EBA300445BDE /* CRGCommentCell.m in Sources */,
				2314F80C15FE6D2600445BDE /* CRGPagingSlideViewController.m in Sources */,
				2314F80F15FE92CB00445BDE /* CRGPagingGridViewController.m in Sources */,
				2314F81215FEAE8800445BDE /* CRGPagingMediaViewController.m in Sources */,
				238A5D6516ADF3E200CAA6C1 /* CRGTagSearchViewController.m in Sources */,
				238A5D6816AE16EF00CAA6C1 /* CRGMainViewController.m in Sources */,
				2354EABA16D6BE98008369D0 /* CRGNewCommentViewController.m in Sources */,
			);
			runOnlyForDeploymentPostprocessing = 0;
		};
/* End PBXSourcesBuildPhase section */

/* Begin PBXVariantGroup section */
		666EFF9315CB369500CA30B7 /* InfoPlist.strings */ = {
			isa = PBXVariantGroup;
			children = (
				666EFF9415CB369500CA30B7 /* en */,
			);
			name = InfoPlist.strings;
			sourceTree = "<group>";
		};
		666EFF9C15CB369500CA30B7 /* MainStoryboard.storyboard */ = {
			isa = PBXVariantGroup;
			children = (
				666EFF9D15CB369500CA30B7 /* en */,
			);
			name = MainStoryboard.storyboard;
			sourceTree = "<group>";
		};
/* End PBXVariantGroup section */

/* Begin XCBuildConfiguration section */
		23A290F515F01E9000EBDC67 /* Ad Hoc */ = {
			isa = XCBuildConfiguration;
			buildSettings = {
				ALWAYS_SEARCH_USER_PATHS = NO;
				ARCHS = "$(ARCHS_STANDARD_32_BIT)";
				CLANG_CXX_LANGUAGE_STANDARD = "gnu++0x";
				CLANG_ENABLE_OBJC_ARC = YES;
				CLANG_WARN__DUPLICATE_METHOD_MATCH = YES;
				"CODE_SIGN_IDENTITY[sdk=iphoneos*]" = "iPhone Developer";
				COPY_PHASE_STRIP = YES;
				GCC_C_LANGUAGE_STANDARD = gnu99;
				GCC_VERSION = com.apple.compilers.llvm.clang.1_0;
				GCC_WARN_ABOUT_RETURN_TYPE = YES;
				GCC_WARN_UNINITIALIZED_AUTOS = YES;
				GCC_WARN_UNUSED_VARIABLE = YES;
				IPHONEOS_DEPLOYMENT_TARGET = 5.1;
				OTHER_CFLAGS = "-DNS_BLOCK_ASSERTIONS=1";
				SDKROOT = iphoneos;
				TARGETED_DEVICE_FAMILY = 2;
				VALIDATE_PRODUCT = YES;
			};
			name = "Ad Hoc";
		};
		23A290F615F01E9000EBDC67 /* Ad Hoc */ = {
			isa = XCBuildConfiguration;
			buildSettings = {
				ALWAYS_SEARCH_USER_PATHS = YES;
				CODE_SIGN_IDENTITY = "iPhone Distribution: Xhatch Interactive, LLC";
				"CODE_SIGN_IDENTITY[sdk=iphoneos*]" = "iPhone Distribution: Xhatch Interactive, LLC";
				GCC_PRECOMPILE_PREFIX_HEADER = YES;
				GCC_PREFIX_HEADER = "Carogram/Carogram-Prefix.pch";
				GCC_PREPROCESSOR_DEFINITIONS = "ADHOC=1";
				HEADER_SEARCH_PATHS = "$(BUILT_PRODUCTS_DIR)/../WFInstagramAPI";
				INFOPLIST_FILE = "Carogram/Carogram-Info.plist";
				LIBRARY_SEARCH_PATHS = (
					"$(inherited)",
					"\"$(SRCROOT)/TestFlightSDK1.0\"",
					"\"$(SRCROOT)/TestFlightSDK1.1\"",
				);
				PRODUCT_NAME = "$(TARGET_NAME)";
				PROVISIONING_PROFILE = "85F771C6-E79B-4C66-9462-6FC4DEF1F644";
				"PROVISIONING_PROFILE[sdk=iphoneos*]" = "85F771C6-E79B-4C66-9462-6FC4DEF1F644";
				WRAPPER_EXTENSION = app;
			};
			name = "Ad Hoc";
		};
		666EFFA215CB369500CA30B7 /* Debug */ = {
			isa = XCBuildConfiguration;
			buildSettings = {
				ALWAYS_SEARCH_USER_PATHS = NO;
				ARCHS = "$(ARCHS_STANDARD_32_BIT)";
				CLANG_CXX_LANGUAGE_STANDARD = "gnu++0x";
				CLANG_ENABLE_OBJC_ARC = YES;
				CLANG_WARN__DUPLICATE_METHOD_MATCH = YES;
				"CODE_SIGN_IDENTITY[sdk=iphoneos*]" = "iPhone Developer";
				COPY_PHASE_STRIP = NO;
				GCC_C_LANGUAGE_STANDARD = gnu99;
				GCC_DYNAMIC_NO_PIC = NO;
				GCC_OPTIMIZATION_LEVEL = 0;
				GCC_PREPROCESSOR_DEFINITIONS = (
					"DEBUG=1",
					"$(inherited)",
				);
				GCC_SYMBOLS_PRIVATE_EXTERN = NO;
				GCC_VERSION = com.apple.compilers.llvm.clang.1_0;
				GCC_WARN_ABOUT_RETURN_TYPE = YES;
				GCC_WARN_UNINITIALIZED_AUTOS = YES;
				GCC_WARN_UNUSED_VARIABLE = YES;
				IPHONEOS_DEPLOYMENT_TARGET = 5.1;
				SDKROOT = iphoneos;
				TARGETED_DEVICE_FAMILY = 2;
			};
			name = Debug;
		};
		666EFFA315CB369500CA30B7 /* Release */ = {
			isa = XCBuildConfiguration;
			buildSettings = {
				ALWAYS_SEARCH_USER_PATHS = NO;
				ARCHS = "$(ARCHS_STANDARD_32_BIT)";
				CLANG_CXX_LANGUAGE_STANDARD = "gnu++0x";
				CLANG_ENABLE_OBJC_ARC = YES;
				CLANG_WARN__DUPLICATE_METHOD_MATCH = YES;
				"CODE_SIGN_IDENTITY[sdk=iphoneos*]" = "iPhone Developer";
				COPY_PHASE_STRIP = YES;
				GCC_C_LANGUAGE_STANDARD = gnu99;
				GCC_VERSION = com.apple.compilers.llvm.clang.1_0;
				GCC_WARN_ABOUT_RETURN_TYPE = YES;
				GCC_WARN_UNINITIALIZED_AUTOS = YES;
				GCC_WARN_UNUSED_VARIABLE = YES;
				IPHONEOS_DEPLOYMENT_TARGET = 5.1;
				OTHER_CFLAGS = "-DNS_BLOCK_ASSERTIONS=1";
				SDKROOT = iphoneos;
				TARGETED_DEVICE_FAMILY = 2;
				VALIDATE_PRODUCT = YES;
			};
			name = Release;
		};
		666EFFA515CB369500CA30B7 /* Debug */ = {
			isa = XCBuildConfiguration;
			buildSettings = {
				ALWAYS_SEARCH_USER_PATHS = YES;
				CODE_SIGN_IDENTITY = "iPhone Developer: Adam McDonald (TGNXPF3X7G)";
				"CODE_SIGN_IDENTITY[sdk=iphoneos*]" = "iPhone Developer: Adam McDonald (TGNXPF3X7G)";
				GCC_PRECOMPILE_PREFIX_HEADER = YES;
				GCC_PREFIX_HEADER = "Carogram/Carogram-Prefix.pch";
				GCC_PREPROCESSOR_DEFINITIONS = (
					"DEBUG=1",
					"$(inherited)",
					"WFIGDEBUG=1",
				);
				HEADER_SEARCH_PATHS = "$(BUILT_PRODUCTS_DIR)/../WFInstagramAPI";
				INFOPLIST_FILE = "Carogram/Carogram-Info.plist";
				LIBRARY_SEARCH_PATHS = (
					"$(inherited)",
					"\"$(SRCROOT)/TestFlightSDK1.0\"",
					"\"$(SRCROOT)/TestFlightSDK1.1\"",
				);
				OTHER_CFLAGS = "";
				PRODUCT_NAME = "$(TARGET_NAME)";
				PROVISIONING_PROFILE = "DD5BFFBF-A0AD-4F17-9676-79927645339F";
				"PROVISIONING_PROFILE[sdk=iphoneos*]" = "DD5BFFBF-A0AD-4F17-9676-79927645339F";
				WRAPPER_EXTENSION = app;
			};
			name = Debug;
		};
		666EFFA615CB369500CA30B7 /* Release */ = {
			isa = XCBuildConfiguration;
			buildSettings = {
				ALWAYS_SEARCH_USER_PATHS = YES;
				GCC_PRECOMPILE_PREFIX_HEADER = YES;
				GCC_PREFIX_HEADER = "Carogram/Carogram-Prefix.pch";
				HEADER_SEARCH_PATHS = "$(BUILT_PRODUCTS_DIR)/../WFInstagramAPI";
				INFOPLIST_FILE = "Carogram/Carogram-Info.plist";
				LIBRARY_SEARCH_PATHS = (
					"$(inherited)",
					"\"$(SRCROOT)/TestFlightSDK1.0\"",
					"\"$(SRCROOT)/TestFlightSDK1.1\"",
				);
				PRODUCT_NAME = "$(TARGET_NAME)";
				WRAPPER_EXTENSION = app;
			};
			name = Release;
		};
/* End XCBuildConfiguration section */

/* Begin XCConfigurationList section */
		666EFF8015CB369500CA30B7 /* Build configuration list for PBXProject "Carogram" */ = {
			isa = XCConfigurationList;
			buildConfigurations = (
				666EFFA215CB369500CA30B7 /* Debug */,
				666EFFA315CB369500CA30B7 /* Release */,
				23A290F515F01E9000EBDC67 /* Ad Hoc */,
			);
			defaultConfigurationIsVisible = 0;
			defaultConfigurationName = Release;
		};
		666EFFA415CB369500CA30B7 /* Build configuration list for PBXNativeTarget "Carogram" */ = {
			isa = XCConfigurationList;
			buildConfigurations = (
				666EFFA515CB369500CA30B7 /* Debug */,
				666EFFA615CB369500CA30B7 /* Release */,
				23A290F615F01E9000EBDC67 /* Ad Hoc */,
			);
			defaultConfigurationIsVisible = 0;
			defaultConfigurationName = Release;
		};
/* End XCConfigurationList section */
	};
	rootObject = 666EFF7D15CB369500CA30B7 /* Project object */;
}
